// !$*UTF8*$!
{
	archiveVersion = 1;
	classes = {
	};
	objectVersion = 46;
	objects = {
/* Begin PBXBuildFile section */
		0207DA581B56EA530066E2B4 /* Images.xcassets in Resources */ = {isa = PBXBuildFile; fileRef = 0207DA571B56EA530066E2B4 /* Images.xcassets */; };
		0B374639634D4473884109C8 /* CDVDevice.m in Sources */ = {isa = PBXBuildFile; fileRef = 79AEF235E6E54D22A3D763B2 /* CDVDevice.m */; };
		169D398F2AE34A14ADD14845 /* CDVViewController+SplashScreen.m in Sources */ = {isa = PBXBuildFile; fileRef = 6A8A64D077BC40E6BF16CCC7 /* CDVViewController+SplashScreen.m */; };
		18C8007314EB4A198C5D23A8 /* CDVCapture.bundle in Resources */ = {isa = PBXBuildFile; fileRef = CB3BF5A5C3B14649B549594C /* CDVCapture.bundle */; };
		199540DD964D4289ADF45B98 /* CoreTelephony.framework in Frameworks */ = {isa = PBXBuildFile; fileRef = 5C13220F99404C28BFED63F8 /* CoreTelephony.framework */; };
		1CF5E03400A446D49A0527E6 /* CDVFile.m in Sources */ = {isa = PBXBuildFile; fileRef = A03C5885821649A3A9BC30B5 /* CDVFile.m */; };
		1D3623260D0F684500981E51 /* AppDelegate.m in Sources */ = {isa = PBXBuildFile; fileRef = 1D3623250D0F684500981E51 /* AppDelegate.m */; };
		1D60589B0D05DD56006BFB54 /* main.m in Sources */ = {isa = PBXBuildFile; fileRef = 29B97316FDCFA39411CA2CEA /* main.m */; };
		1F78B27CD4D9472DBE2EFB1B /* CoreLocation.framework in Frameworks */ = {isa = PBXBuildFile; fileRef = 28A07FFC5F0F421D908AFABE /* CoreLocation.framework */; };
		2251B63022A84926AF11EB4E /* SystemConfiguration.framework in Frameworks */ = {isa = PBXBuildFile; fileRef = A6E6A534DC8942FC8B77B8AB /* SystemConfiguration.framework */; settings = {ATTRIBUTES = (Weak, ); }; };
		22AE71EF32BD486EBCC42E03 /* AddressBook.framework in Frameworks */ = {isa = PBXBuildFile; fileRef = 4006D3F87F514F46BB944E3E /* AddressBook.framework */; settings = {ATTRIBUTES = (Weak, ); }; };
		2C22B3C9CF4849EB9EDA4A78 /* CDVBattery.m in Sources */ = {isa = PBXBuildFile; fileRef = 3DF019194CFB45E5A730B590 /* CDVBattery.m */; };
		2E532719A7D5464BA9DBFF9C /* CDVCamera.m in Sources */ = {isa = PBXBuildFile; fileRef = 4A10E424081D4F2E9636B906 /* CDVCamera.m */; };
		301BF552109A68D80062928A /* libCordova.a in Frameworks */ = {isa = PBXBuildFile; fileRef = 301BF535109A57CC0062928A /* libCordova.a */; };
		302D95F114D2391D003F00A1 /* MainViewController.m in Sources */ = {isa = PBXBuildFile; fileRef = 302D95EF14D2391D003F00A1 /* MainViewController.m */; };
		302D95F214D2391D003F00A1 /* MainViewController.xib in Resources */ = {isa = PBXBuildFile; fileRef = 302D95F014D2391D003F00A1 /* MainViewController.xib */; };
		3E6339BCAD79442DBD1A0DD3 /* MediaPlayer.framework in Frameworks */ = {isa = PBXBuildFile; fileRef = 5365C97E5A5647A2A4CD24E8 /* MediaPlayer.framework */; };
		4063D683E91047DEBBB5B754 /* libz.tbd in Frameworks */ = {isa = PBXBuildFile; fileRef = DD0FB70E56A34295B9D9881C /* libz.tbd */; };
		4763B6C6856944C19F82574F /* CDVNotification.bundle in Resources */ = {isa = PBXBuildFile; fileRef = 251810693EE14ACF84636F3F /* CDVNotification.bundle */; };
		490A957602FF4E4BA05F164C /* CDVJpegHeaderWriter.m in Sources */ = {isa = PBXBuildFile; fileRef = F46097BF62D343759BBDA0CB /* CDVJpegHeaderWriter.m */; };
		4B5D7754BB104558BF459DB7 /* CDVLocalFilesystem.m in Sources */ = {isa = PBXBuildFile; fileRef = 4B0152BF95E546B5A8EE0217 /* CDVLocalFilesystem.m */; };
		4F5C8709C31D47F793220976 /* UnimagSwiper.m in Sources */ = {isa = PBXBuildFile; fileRef = DF9E2036BB2A418DB6460BD7 /* UnimagSwiper.m */; };
		59F32ECCA8CD4A73B50E9B8E /* CDVGlobalization.m in Sources */ = {isa = PBXBuildFile; fileRef = EE31F945406D46D081BE086A /* CDVGlobalization.m */; };
		5E341122FB9B4D71879F2F62 /* CoreMotion.framework in Frameworks */ = {isa = PBXBuildFile; fileRef = 1491CB26CBDC4F9CA68225B9 /* CoreMotion.framework */; };
		6164D133B38F4AC5AB23279E /* CDVStatusBar.m in Sources */ = {isa = PBXBuildFile; fileRef = 3ABBCFF453D54816BD218272 /* CDVStatusBar.m */; };
		620D1BC9E34F4EFEBCC3E566 /* CDVNotification.m in Sources */ = {isa = PBXBuildFile; fileRef = FF4A5DC2E6F54F8FBD9100B3 /* CDVNotification.m */; };
		6A905C92CFC945BFA02191BE /* CDVContact.m in Sources */ = {isa = PBXBuildFile; fileRef = 2329B5601DBC49E2AF8A2EC1 /* CDVContact.m */; };
		6AFF5BF91D6E424B00AB3073 /* CDVLaunchScreen.storyboard in Resources */ = {isa = PBXBuildFile; fileRef = 6AFF5BF81D6E424B00AB3073 /* CDVLaunchScreen.storyboard */; };
		6C89DC614E924AB2A0B2AE47 /* AVFoundation.framework in Frameworks */ = {isa = PBXBuildFile; fileRef = 5832B32DE96B42A2950C47D2 /* AVFoundation.framework */; };
		78032AD46DF544C2A80B26B5 /* CDVAccelerometer.m in Sources */ = {isa = PBXBuildFile; fileRef = 35B96EAAB3F64E10A490092D /* CDVAccelerometer.m */; };
		88D444422DE141C2BEFA0048 /* CDVLogger.m in Sources */ = {isa = PBXBuildFile; fileRef = 2F01397D85924E8D8FF03870 /* CDVLogger.m */; };
		8B8091D1E24646699FF8C5D1 /* CDVConnection.m in Sources */ = {isa = PBXBuildFile; fileRef = 7A975CBBB9A14C5B9961F323 /* CDVConnection.m */; };
		8DDBB96355D444509BA5B3BC /* CDVLocation.m in Sources */ = {isa = PBXBuildFile; fileRef = D09EC28ADD4C492AA29FE975 /* CDVLocation.m */; };
		9931B08BCD184BB89609FB73 /* CDVInAppBrowser.m in Sources */ = {isa = PBXBuildFile; fileRef = C9C6A239482141B8A1E1A855 /* CDVInAppBrowser.m */; };
		A100C68CDF4E4C468043A34C /* ImageIO.framework in Frameworks */ = {isa = PBXBuildFile; fileRef = 431BA220805C4D6AAC5E78CF /* ImageIO.framework */; settings = {ATTRIBUTES = (Weak, ); }; };
		A4897E97D7904A3F815DCE95 /* AudioToolbox.framework in Frameworks */ = {isa = PBXBuildFile; fileRef = 300961B699A94A4B967DCA40 /* AudioToolbox.framework */; };
		A8F8D99A5B674D98851A120C /* CDVCapture.m in Sources */ = {isa = PBXBuildFile; fileRef = 46C9004A1249472C9989D7C8 /* CDVCapture.m */; };
		B07F2742738C4B4494D19AB9 /* AddressBookUI.framework in Frameworks */ = {isa = PBXBuildFile; fileRef = 54819DB4F4D04971BD74BA21 /* AddressBookUI.framework */; settings = {ATTRIBUTES = (Weak, ); }; };
		B3C4DD91C85D4524A595F3A6 /* CDVReachability.m in Sources */ = {isa = PBXBuildFile; fileRef = 0B87774301CD4FAFB6B6885F /* CDVReachability.m */; };
		BAB4299972604A478F93CB60 /* CDVContacts.m in Sources */ = {isa = PBXBuildFile; fileRef = E28C8CBD8A054D4A9482C1B7 /* CDVContacts.m */; };
		C327760648EA40E2B652E58F /* IDTECH_UniMag.a in Frameworks */ = {isa = PBXBuildFile; fileRef = 52852E76700C4A9FBB473D2A /* IDTECH_UniMag.a */; };
		C4DE0ECCF3BB4BA7AC33A31A /* CDVAssetLibraryFilesystem.m in Sources */ = {isa = PBXBuildFile; fileRef = 2D9B548494E64279A9E88824 /* CDVAssetLibraryFilesystem.m */; };
		C758561DEB554D56B3D28570 /* CDVSound.m in Sources */ = {isa = PBXBuildFile; fileRef = 2B89CC49244148AD8C76645B /* CDVSound.m */; };
		C94866426C4D43DEB27C5DA3 /* CDVSplashScreen.m in Sources */ = {isa = PBXBuildFile; fileRef = 22240D8258F94B10A23836F5 /* CDVSplashScreen.m */; };
		CE2D1AB0A836463AA69DDA7D /* CDVVibration.m in Sources */ = {isa = PBXBuildFile; fileRef = 4637B05B3C4B4A49B4602A4B /* CDVVibration.m */; };
		D3E9BD2190C9441BACBEED96 /* CDVCompass.m in Sources */ = {isa = PBXBuildFile; fileRef = 680C276F8A894FD5BFC391CA /* CDVCompass.m */; };
		D57783110B414721949504E4 /* UIImage+CropScaleOrientation.m in Sources */ = {isa = PBXBuildFile; fileRef = A336880CFE494E1EACDC4B31 /* UIImage+CropScaleOrientation.m */; };
		E3BF59DF25304423AAD47681 /* CDVFileTransfer.m in Sources */ = {isa = PBXBuildFile; fileRef = F95E32ACBE7A438B8B5C783B /* CDVFileTransfer.m */; };
/* End PBXBuildFile section */

/* Begin PBXContainerItemProxy section */
		301BF534109A57CC0062928A /* PBXContainerItemProxy */ = {
			isa = PBXContainerItemProxy;
			containerPortal = 301BF52D109A57CC0062928A /* CordovaLib.xcodeproj */;
			proxyType = 2;
			remoteGlobalIDString = D2AAC07E0554694100DB518D;
			remoteInfo = CordovaLib;
		};
		301BF550109A68C00062928A /* PBXContainerItemProxy */ = {
			isa = PBXContainerItemProxy;
			containerPortal = 301BF52D109A57CC0062928A /* CordovaLib.xcodeproj */;
			proxyType = 1;
			remoteGlobalIDString = D2AAC07D0554694100DB518D;
			remoteInfo = CordovaLib;
		};
/* End PBXContainerItemProxy section */

/* Begin PBXFileReference section */
		0207DA571B56EA530066E2B4 /* Images.xcassets */ = {isa = PBXFileReference; lastKnownFileType = folder.assetcatalog; name = Images.xcassets; path = "Offering Kiosk/Images.xcassets"; sourceTree = SOURCE_ROOT; };
		050199A269DF4A33A4CAE714 /* CDVContacts.h */ = {isa = PBXFileReference; explicitFileType = undefined; fileEncoding = 4; includeInIndex = 0; lastKnownFileType = sourcecode.c.h; name = CDVContacts.h; path = "cordova-plugin-contacts/CDVContacts.h"; sourceTree = "<group>"; };
		06234C089EA14BC0A1864FD9 /* CDVCamera.h */ = {isa = PBXFileReference; explicitFileType = undefined; fileEncoding = 4; includeInIndex = 0; lastKnownFileType = sourcecode.c.h; name = CDVCamera.h; path = "cordova-plugin-camera/CDVCamera.h"; sourceTree = "<group>"; };
		09537C91EBAB45DAB292863F /* CDVDevice.h */ = {isa = PBXFileReference; explicitFileType = undefined; fileEncoding = 4; includeInIndex = 0; lastKnownFileType = sourcecode.c.h; name = CDVDevice.h; path = "cordova-plugin-device/CDVDevice.h"; sourceTree = "<group>"; };
		0B87774301CD4FAFB6B6885F /* CDVReachability.m */ = {isa = PBXFileReference; explicitFileType = undefined; fileEncoding = 4; includeInIndex = 0; lastKnownFileType = sourcecode.c.objc; name = CDVReachability.m; path = "cordova-plugin-network-information/CDVReachability.m"; sourceTree = "<group>"; };
		0C187372410A4DA59A04D24A /* CDVNotification.h */ = {isa = PBXFileReference; explicitFileType = undefined; fileEncoding = 4; includeInIndex = 0; lastKnownFileType = sourcecode.c.h; name = CDVNotification.h; path = "cordova-plugin-dialogs/CDVNotification.h"; sourceTree = "<group>"; };
		1491CB26CBDC4F9CA68225B9 /* CoreMotion.framework */ = {isa = PBXFileReference; explicitFileType = undefined; fileEncoding = 9; includeInIndex = 0; lastKnownFileType = wrapper.framework; name = CoreMotion.framework; path = System/Library/Frameworks/CoreMotion.framework; sourceTree = SDKROOT; };
		1CED8C20260F4B5A94DFDC68 /* CDVViewController+SplashScreen.h */ = {isa = PBXFileReference; explicitFileType = undefined; fileEncoding = 4; includeInIndex = 0; lastKnownFileType = sourcecode.c.h; name = "CDVViewController+SplashScreen.h"; path = "cordova-plugin-splashscreen/CDVViewController+SplashScreen.h"; sourceTree = "<group>"; };
		1D3623240D0F684500981E51 /* AppDelegate.h */ = {isa = PBXFileReference; fileEncoding = 4; lastKnownFileType = sourcecode.c.h; path = AppDelegate.h; sourceTree = "<group>"; };
		1D3623250D0F684500981E51 /* AppDelegate.m */ = {isa = PBXFileReference; fileEncoding = 4; lastKnownFileType = sourcecode.c.objc; path = AppDelegate.m; sourceTree = "<group>"; };
		1D6058910D05DD3D006BFB54 /* Offering Kiosk.app */ = {isa = PBXFileReference; explicitFileType = wrapper.application; includeInIndex = 0; path = "Offering Kiosk.app"; sourceTree = BUILT_PRODUCTS_DIR; };
		22240D8258F94B10A23836F5 /* CDVSplashScreen.m */ = {isa = PBXFileReference; explicitFileType = undefined; fileEncoding = 4; includeInIndex = 0; lastKnownFileType = sourcecode.c.objc; name = CDVSplashScreen.m; path = "cordova-plugin-splashscreen/CDVSplashScreen.m"; sourceTree = "<group>"; };
		2329B5601DBC49E2AF8A2EC1 /* CDVContact.m */ = {isa = PBXFileReference; explicitFileType = undefined; fileEncoding = 4; includeInIndex = 0; lastKnownFileType = sourcecode.c.objc; name = CDVContact.m; path = "cordova-plugin-contacts/CDVContact.m"; sourceTree = "<group>"; };
		251810693EE14ACF84636F3F /* CDVNotification.bundle */ = {isa = PBXFileReference; explicitFileType = undefined; fileEncoding = 9; includeInIndex = 0; lastKnownFileType = "wrapper.plug-in"; path = CDVNotification.bundle; sourceTree = "<group>"; };
		28A07FFC5F0F421D908AFABE /* CoreLocation.framework */ = {isa = PBXFileReference; explicitFileType = undefined; fileEncoding = 9; includeInIndex = 0; lastKnownFileType = wrapper.framework; name = CoreLocation.framework; path = System/Library/Frameworks/CoreLocation.framework; sourceTree = SDKROOT; };
		29B97316FDCFA39411CA2CEA /* main.m */ = {isa = PBXFileReference; fileEncoding = 4; lastKnownFileType = sourcecode.c.objc; path = main.m; sourceTree = "<group>"; };
		2B89CC49244148AD8C76645B /* CDVSound.m */ = {isa = PBXFileReference; explicitFileType = undefined; fileEncoding = 4; includeInIndex = 0; lastKnownFileType = sourcecode.c.objc; name = CDVSound.m; path = "cordova-plugin-media/CDVSound.m"; sourceTree = "<group>"; };
		2D9B548494E64279A9E88824 /* CDVAssetLibraryFilesystem.m */ = {isa = PBXFileReference; explicitFileType = undefined; fileEncoding = 4; includeInIndex = 0; lastKnownFileType = sourcecode.c.objc; name = CDVAssetLibraryFilesystem.m; path = "cordova-plugin-file/CDVAssetLibraryFilesystem.m"; sourceTree = "<group>"; };
		2F01397D85924E8D8FF03870 /* CDVLogger.m */ = {isa = PBXFileReference; explicitFileType = undefined; fileEncoding = 4; includeInIndex = 0; lastKnownFileType = sourcecode.c.objc; name = CDVLogger.m; path = "cordova-plugin-console/CDVLogger.m"; sourceTree = "<group>"; };
		300961B699A94A4B967DCA40 /* AudioToolbox.framework */ = {isa = PBXFileReference; explicitFileType = undefined; fileEncoding = 9; includeInIndex = 0; lastKnownFileType = wrapper.framework; name = AudioToolbox.framework; path = System/Library/Frameworks/AudioToolbox.framework; sourceTree = SDKROOT; };
		301BF52D109A57CC0062928A /* CordovaLib.xcodeproj */ = {isa = PBXFileReference; lastKnownFileType = "wrapper.pb-project"; name = CordovaLib.xcodeproj; path = CordovaLib/CordovaLib.xcodeproj; sourceTree = "<group>"; };
		301BF56E109A69640062928A /* www */ = {isa = PBXFileReference; lastKnownFileType = folder; path = www; sourceTree = SOURCE_ROOT; };
		302D95EE14D2391D003F00A1 /* MainViewController.h */ = {isa = PBXFileReference; fileEncoding = 4; lastKnownFileType = sourcecode.c.h; path = MainViewController.h; sourceTree = "<group>"; };
		302D95EF14D2391D003F00A1 /* MainViewController.m */ = {isa = PBXFileReference; fileEncoding = 4; lastKnownFileType = sourcecode.c.objc; path = MainViewController.m; sourceTree = "<group>"; };
		302D95F014D2391D003F00A1 /* MainViewController.xib */ = {isa = PBXFileReference; fileEncoding = 4; lastKnownFileType = file.xib; path = MainViewController.xib; sourceTree = "<group>"; };
		3047A50F1AB8059700498E2A /* build-debug.xcconfig */ = {isa = PBXFileReference; fileEncoding = 4; lastKnownFileType = text.xcconfig; name = "build-debug.xcconfig"; path = "cordova/build-debug.xcconfig"; sourceTree = SOURCE_ROOT; };
		3047A5101AB8059700498E2A /* build-release.xcconfig */ = {isa = PBXFileReference; fileEncoding = 4; lastKnownFileType = text.xcconfig; name = "build-release.xcconfig"; path = "cordova/build-release.xcconfig"; sourceTree = SOURCE_ROOT; };
		3047A5111AB8059700498E2A /* build.xcconfig */ = {isa = PBXFileReference; fileEncoding = 4; lastKnownFileType = text.xcconfig; name = build.xcconfig; path = cordova/build.xcconfig; sourceTree = SOURCE_ROOT; };
		32CA4F630368D1EE00C91783 /* Offering Kiosk-Prefix.pch */ = {isa = PBXFileReference; fileEncoding = 4; lastKnownFileType = sourcecode.c.h; path = "Offering Kiosk-Prefix.pch"; sourceTree = "<group>"; };
		35B96EAAB3F64E10A490092D /* CDVAccelerometer.m */ = {isa = PBXFileReference; explicitFileType = undefined; fileEncoding = 4; includeInIndex = 0; lastKnownFileType = sourcecode.c.objc; name = CDVAccelerometer.m; path = "cordova-plugin-device-motion/CDVAccelerometer.m"; sourceTree = "<group>"; };
		3ABBCFF453D54816BD218272 /* CDVStatusBar.m */ = {isa = PBXFileReference; explicitFileType = undefined; fileEncoding = 4; includeInIndex = 0; lastKnownFileType = sourcecode.c.objc; name = CDVStatusBar.m; path = "cordova-plugin-statusbar/CDVStatusBar.m"; sourceTree = "<group>"; };
		3CD4003808E14021A1DA4F04 /* CDVReachability.h */ = {isa = PBXFileReference; explicitFileType = undefined; fileEncoding = 4; includeInIndex = 0; lastKnownFileType = sourcecode.c.h; name = CDVReachability.h; path = "cordova-plugin-network-information/CDVReachability.h"; sourceTree = "<group>"; };
		3D38D5553A6A4D5F85A7522A /* CDVContact.h */ = {isa = PBXFileReference; explicitFileType = undefined; fileEncoding = 4; includeInIndex = 0; lastKnownFileType = sourcecode.c.h; name = CDVContact.h; path = "cordova-plugin-contacts/CDVContact.h"; sourceTree = "<group>"; };
		3DF019194CFB45E5A730B590 /* CDVBattery.m */ = {isa = PBXFileReference; explicitFileType = undefined; fileEncoding = 4; includeInIndex = 0; lastKnownFileType = sourcecode.c.objc; name = CDVBattery.m; path = "cordova-plugin-battery-status/CDVBattery.m"; sourceTree = "<group>"; };
		4006D3F87F514F46BB944E3E /* AddressBook.framework */ = {isa = PBXFileReference; explicitFileType = undefined; fileEncoding = 9; includeInIndex = 0; lastKnownFileType = wrapper.framework; name = AddressBook.framework; path = System/Library/Frameworks/AddressBook.framework; sourceTree = SDKROOT; };
		425D57DA41444091988CA814 /* CDVLocation.h */ = {isa = PBXFileReference; explicitFileType = undefined; fileEncoding = 4; includeInIndex = 0; lastKnownFileType = sourcecode.c.h; name = CDVLocation.h; path = "cordova-plugin-geolocation/CDVLocation.h"; sourceTree = "<group>"; };
		431BA220805C4D6AAC5E78CF /* ImageIO.framework */ = {isa = PBXFileReference; explicitFileType = undefined; fileEncoding = 9; includeInIndex = 0; lastKnownFileType = wrapper.framework; name = ImageIO.framework; path = System/Library/Frameworks/ImageIO.framework; sourceTree = SDKROOT; };
		4637B05B3C4B4A49B4602A4B /* CDVVibration.m */ = {isa = PBXFileReference; explicitFileType = undefined; fileEncoding = 4; includeInIndex = 0; lastKnownFileType = sourcecode.c.objc; name = CDVVibration.m; path = "cordova-plugin-vibration/CDVVibration.m"; sourceTree = "<group>"; };
		46C9004A1249472C9989D7C8 /* CDVCapture.m */ = {isa = PBXFileReference; explicitFileType = undefined; fileEncoding = 4; includeInIndex = 0; lastKnownFileType = sourcecode.c.objc; name = CDVCapture.m; path = "cordova-plugin-media-capture/CDVCapture.m"; sourceTree = "<group>"; };
		4732778673ED4D63A1DB2758 /* CDVCapture.h */ = {isa = PBXFileReference; explicitFileType = undefined; fileEncoding = 4; includeInIndex = 0; lastKnownFileType = sourcecode.c.h; name = CDVCapture.h; path = "cordova-plugin-media-capture/CDVCapture.h"; sourceTree = "<group>"; };
		4A10E424081D4F2E9636B906 /* CDVCamera.m */ = {isa = PBXFileReference; explicitFileType = undefined; fileEncoding = 4; includeInIndex = 0; lastKnownFileType = sourcecode.c.objc; name = CDVCamera.m; path = "cordova-plugin-camera/CDVCamera.m"; sourceTree = "<group>"; };
		4ABBDEA347CE494EA983A7DA /* CDVExif.h */ = {isa = PBXFileReference; explicitFileType = undefined; fileEncoding = 4; includeInIndex = 0; lastKnownFileType = sourcecode.c.h; name = CDVExif.h; path = "cordova-plugin-camera/CDVExif.h"; sourceTree = "<group>"; };
		4B0152BF95E546B5A8EE0217 /* CDVLocalFilesystem.m */ = {isa = PBXFileReference; explicitFileType = undefined; fileEncoding = 4; includeInIndex = 0; lastKnownFileType = sourcecode.c.objc; name = CDVLocalFilesystem.m; path = "cordova-plugin-file/CDVLocalFilesystem.m"; sourceTree = "<group>"; };
		52852E76700C4A9FBB473D2A /* IDTECH_UniMag.a */ = {isa = PBXFileReference; explicitFileType = undefined; fileEncoding = 9; includeInIndex = 0; lastKnownFileType = archive.ar; name = IDTECH_UniMag.a; path = "Offering Kiosk/Plugins/com.wodify.cordova.plugin.unimag-swiper/IDTECH_UniMag.a"; sourceTree = "<group>"; };
		5365C97E5A5647A2A4CD24E8 /* MediaPlayer.framework */ = {isa = PBXFileReference; explicitFileType = undefined; fileEncoding = 9; includeInIndex = 0; lastKnownFileType = wrapper.framework; name = MediaPlayer.framework; path = System/Library/Frameworks/MediaPlayer.framework; sourceTree = SDKROOT; };
		54819DB4F4D04971BD74BA21 /* AddressBookUI.framework */ = {isa = PBXFileReference; explicitFileType = undefined; fileEncoding = 9; includeInIndex = 0; lastKnownFileType = wrapper.framework; name = AddressBookUI.framework; path = System/Library/Frameworks/AddressBookUI.framework; sourceTree = SDKROOT; };
		5832B32DE96B42A2950C47D2 /* AVFoundation.framework */ = {isa = PBXFileReference; explicitFileType = undefined; fileEncoding = 9; includeInIndex = 0; lastKnownFileType = wrapper.framework; name = AVFoundation.framework; path = System/Library/Frameworks/AVFoundation.framework; sourceTree = SDKROOT; };
		5B3ED6AE9D984408ACD99A67 /* CDVCompass.h */ = {isa = PBXFileReference; explicitFileType = undefined; fileEncoding = 4; includeInIndex = 0; lastKnownFileType = sourcecode.c.h; name = CDVCompass.h; path = "cordova-plugin-device-orientation/CDVCompass.h"; sourceTree = "<group>"; };
		5C13220F99404C28BFED63F8 /* CoreTelephony.framework */ = {isa = PBXFileReference; explicitFileType = undefined; fileEncoding = 9; includeInIndex = 0; lastKnownFileType = wrapper.framework; name = CoreTelephony.framework; path = System/Library/Frameworks/CoreTelephony.framework; sourceTree = SDKROOT; };
		62FB02E40DA640D4A495290A /* CDVConnection.h */ = {isa = PBXFileReference; explicitFileType = undefined; fileEncoding = 4; includeInIndex = 0; lastKnownFileType = sourcecode.c.h; name = CDVConnection.h; path = "cordova-plugin-network-information/CDVConnection.h"; sourceTree = "<group>"; };
		6778D0945D114D0D9ADEECAB /* UnimagSwiper.h */ = {isa = PBXFileReference; explicitFileType = undefined; fileEncoding = 4; includeInIndex = 0; lastKnownFileType = sourcecode.c.h; name = UnimagSwiper.h; path = "com.wodify.cordova.plugin.unimag-swiper/UnimagSwiper.h"; sourceTree = "<group>"; };
		680C276F8A894FD5BFC391CA /* CDVCompass.m */ = {isa = PBXFileReference; explicitFileType = undefined; fileEncoding = 4; includeInIndex = 0; lastKnownFileType = sourcecode.c.objc; name = CDVCompass.m; path = "cordova-plugin-device-orientation/CDVCompass.m"; sourceTree = "<group>"; };
		69E7425BFCD64A5580DC6F1C /* CDVAccelerometer.h */ = {isa = PBXFileReference; explicitFileType = undefined; fileEncoding = 4; includeInIndex = 0; lastKnownFileType = sourcecode.c.h; name = CDVAccelerometer.h; path = "cordova-plugin-device-motion/CDVAccelerometer.h"; sourceTree = "<group>"; };
		6A05D1AD637A43F3B3A319CB /* CDVVibration.h */ = {isa = PBXFileReference; explicitFileType = undefined; fileEncoding = 4; includeInIndex = 0; lastKnownFileType = sourcecode.c.h; name = CDVVibration.h; path = "cordova-plugin-vibration/CDVVibration.h"; sourceTree = "<group>"; };
		6A8A64D077BC40E6BF16CCC7 /* CDVViewController+SplashScreen.m */ = {isa = PBXFileReference; explicitFileType = undefined; fileEncoding = 4; includeInIndex = 0; lastKnownFileType = sourcecode.c.objc; name = "CDVViewController+SplashScreen.m"; path = "cordova-plugin-splashscreen/CDVViewController+SplashScreen.m"; sourceTree = "<group>"; };
		6AFF5BF81D6E424B00AB3073 /* CDVLaunchScreen.storyboard */ = {isa = PBXFileReference; fileEncoding = 4; lastKnownFileType = file.storyboard; name = CDVLaunchScreen.storyboard; path = "Offering Kiosk/CDVLaunchScreen.storyboard"; sourceTree = SOURCE_ROOT; };
		79AEF235E6E54D22A3D763B2 /* CDVDevice.m */ = {isa = PBXFileReference; explicitFileType = undefined; fileEncoding = 4; includeInIndex = 0; lastKnownFileType = sourcecode.c.objc; name = CDVDevice.m; path = "cordova-plugin-device/CDVDevice.m"; sourceTree = "<group>"; };
		7A975CBBB9A14C5B9961F323 /* CDVConnection.m */ = {isa = PBXFileReference; explicitFileType = undefined; fileEncoding = 4; includeInIndex = 0; lastKnownFileType = sourcecode.c.objc; name = CDVConnection.m; path = "cordova-plugin-network-information/CDVConnection.m"; sourceTree = "<group>"; };
		7B30430F524444B782C50F26 /* CDVLocalFilesystem.h */ = {isa = PBXFileReference; explicitFileType = undefined; fileEncoding = 4; includeInIndex = 0; lastKnownFileType = sourcecode.c.h; name = CDVLocalFilesystem.h; path = "cordova-plugin-file/CDVLocalFilesystem.h"; sourceTree = "<group>"; };
		8942AB09825441C69D02562A /* CDVJpegHeaderWriter.h */ = {isa = PBXFileReference; explicitFileType = undefined; fileEncoding = 4; includeInIndex = 0; lastKnownFileType = sourcecode.c.h; name = CDVJpegHeaderWriter.h; path = "cordova-plugin-camera/CDVJpegHeaderWriter.h"; sourceTree = "<group>"; };
		8BFBCF482ABA468CA55A78B9 /* CDVStatusBar.h */ = {isa = PBXFileReference; explicitFileType = undefined; fileEncoding = 4; includeInIndex = 0; lastKnownFileType = sourcecode.c.h; name = CDVStatusBar.h; path = "cordova-plugin-statusbar/CDVStatusBar.h"; sourceTree = "<group>"; };
		8D1107310486CEB800E47090 /* Offering Kiosk-Info.plist */ = {isa = PBXFileReference; fileEncoding = 4; lastKnownFileType = text.plist.xml; name = "Offering Kiosk-Info.plist"; path = "Offering Kiosk/Offering Kiosk-Info.plist"; plistStructureDefinitionIdentifier = "com.apple.xcode.plist.structure-definition.iphone.info-plist"; sourceTree = SOURCE_ROOT; };
		9A06920F7DD54B808CD324CE /* CDVInAppBrowser.h */ = {isa = PBXFileReference; explicitFileType = undefined; fileEncoding = 4; includeInIndex = 0; lastKnownFileType = sourcecode.c.h; name = CDVInAppBrowser.h; path = "cordova-plugin-inappbrowser/CDVInAppBrowser.h"; sourceTree = "<group>"; };
		9F06EF43D5684434BF5361FA /* CDVFile.h */ = {isa = PBXFileReference; explicitFileType = undefined; fileEncoding = 4; includeInIndex = 0; lastKnownFileType = sourcecode.c.h; name = CDVFile.h; path = "cordova-plugin-file/CDVFile.h"; sourceTree = "<group>"; };
		A03C5885821649A3A9BC30B5 /* CDVFile.m */ = {isa = PBXFileReference; explicitFileType = undefined; fileEncoding = 4; includeInIndex = 0; lastKnownFileType = sourcecode.c.objc; name = CDVFile.m; path = "cordova-plugin-file/CDVFile.m"; sourceTree = "<group>"; };
		A336880CFE494E1EACDC4B31 /* UIImage+CropScaleOrientation.m */ = {isa = PBXFileReference; explicitFileType = undefined; fileEncoding = 4; includeInIndex = 0; lastKnownFileType = sourcecode.c.objc; name = "UIImage+CropScaleOrientation.m"; path = "cordova-plugin-camera/UIImage+CropScaleOrientation.m"; sourceTree = "<group>"; };
		A6E6A534DC8942FC8B77B8AB /* SystemConfiguration.framework */ = {isa = PBXFileReference; explicitFileType = undefined; fileEncoding = 9; includeInIndex = 0; lastKnownFileType = wrapper.framework; name = SystemConfiguration.framework; path = System/Library/Frameworks/SystemConfiguration.framework; sourceTree = SDKROOT; };
		B997437ADFAC4CADB0D66584 /* uniMag.h */ = {isa = PBXFileReference; explicitFileType = undefined; fileEncoding = 4; includeInIndex = 0; lastKnownFileType = sourcecode.c.h; name = uniMag.h; path = "com.wodify.cordova.plugin.unimag-swiper/uniMag.h"; sourceTree = "<group>"; };
		BFDC0A7D8DDF4CCDBA3312DF /* CDVBattery.h */ = {isa = PBXFileReference; explicitFileType = undefined; fileEncoding = 4; includeInIndex = 0; lastKnownFileType = sourcecode.c.h; name = CDVBattery.h; path = "cordova-plugin-battery-status/CDVBattery.h"; sourceTree = "<group>"; };
		C1B7F2E552B2485CB232CFB1 /* CDVAssetLibraryFilesystem.h */ = {isa = PBXFileReference; explicitFileType = undefined; fileEncoding = 4; includeInIndex = 0; lastKnownFileType = sourcecode.c.h; name = CDVAssetLibraryFilesystem.h; path = "cordova-plugin-file/CDVAssetLibraryFilesystem.h"; sourceTree = "<group>"; };
		C886924F697F4C49A975AAEC /* CDVLogger.h */ = {isa = PBXFileReference; explicitFileType = undefined; fileEncoding = 4; includeInIndex = 0; lastKnownFileType = sourcecode.c.h; name = CDVLogger.h; path = "cordova-plugin-console/CDVLogger.h"; sourceTree = "<group>"; };
		C9C6A239482141B8A1E1A855 /* CDVInAppBrowser.m */ = {isa = PBXFileReference; explicitFileType = undefined; fileEncoding = 4; includeInIndex = 0; lastKnownFileType = sourcecode.c.objc; name = CDVInAppBrowser.m; path = "cordova-plugin-inappbrowser/CDVInAppBrowser.m"; sourceTree = "<group>"; };
		CB3BF5A5C3B14649B549594C /* CDVCapture.bundle */ = {isa = PBXFileReference; explicitFileType = undefined; fileEncoding = 9; includeInIndex = 0; lastKnownFileType = "wrapper.plug-in"; path = CDVCapture.bundle; sourceTree = "<group>"; };
		CEF8415CE3B6417C994211C3 /* CDVSound.h */ = {isa = PBXFileReference; explicitFileType = undefined; fileEncoding = 4; includeInIndex = 0; lastKnownFileType = sourcecode.c.h; name = CDVSound.h; path = "cordova-plugin-media/CDVSound.h"; sourceTree = "<group>"; };
		D09EC28ADD4C492AA29FE975 /* CDVLocation.m */ = {isa = PBXFileReference; explicitFileType = undefined; fileEncoding = 4; includeInIndex = 0; lastKnownFileType = sourcecode.c.objc; name = CDVLocation.m; path = "cordova-plugin-geolocation/CDVLocation.m"; sourceTree = "<group>"; };
		D14D3F39735F400B90886B11 /* CDVFileTransfer.h */ = {isa = PBXFileReference; explicitFileType = undefined; fileEncoding = 4; includeInIndex = 0; lastKnownFileType = sourcecode.c.h; name = CDVFileTransfer.h; path = "cordova-plugin-file-transfer/CDVFileTransfer.h"; sourceTree = "<group>"; };
		D8BE8F6F0D60416B85E81E7D /* CDVSplashScreen.h */ = {isa = PBXFileReference; explicitFileType = undefined; fileEncoding = 4; includeInIndex = 0; lastKnownFileType = sourcecode.c.h; name = CDVSplashScreen.h; path = "cordova-plugin-splashscreen/CDVSplashScreen.h"; sourceTree = "<group>"; };
		DA7A17CFD03D4F848DF534E9 /* CDVGlobalization.h */ = {isa = PBXFileReference; explicitFileType = undefined; fileEncoding = 4; includeInIndex = 0; lastKnownFileType = sourcecode.c.h; name = CDVGlobalization.h; path = "cordova-plugin-globalization/CDVGlobalization.h"; sourceTree = "<group>"; };
		DD0FB70E56A34295B9D9881C /* libz.tbd */ = {isa = PBXFileReference; explicitFileType = undefined; fileEncoding = 9; includeInIndex = 0; lastKnownFileType = "sourcecode.text-based-dylib-definition"; name = libz.tbd; path = usr/lib/libz.tbd; sourceTree = SDKROOT; };
		DF9E2036BB2A418DB6460BD7 /* UnimagSwiper.m */ = {isa = PBXFileReference; explicitFileType = undefined; fileEncoding = 4; includeInIndex = 0; lastKnownFileType = sourcecode.c.objc; name = UnimagSwiper.m; path = "com.wodify.cordova.plugin.unimag-swiper/UnimagSwiper.m"; sourceTree = "<group>"; };
		E28C8CBD8A054D4A9482C1B7 /* CDVContacts.m */ = {isa = PBXFileReference; explicitFileType = undefined; fileEncoding = 4; includeInIndex = 0; lastKnownFileType = sourcecode.c.objc; name = CDVContacts.m; path = "cordova-plugin-contacts/CDVContacts.m"; sourceTree = "<group>"; };
		EB87FDF31871DA8E0020F90C /* www */ = {isa = PBXFileReference; lastKnownFileType = folder; name = www; path = ../../www; sourceTree = "<group>"; };
		EB87FDF41871DAF40020F90C /* config.xml */ = {isa = PBXFileReference; lastKnownFileType = text.xml; name = config.xml; path = ../../config.xml; sourceTree = "<group>"; };
		ED33DF2A687741AEAF9F8254 /* Bridging-Header.h */ = {isa = PBXFileReference; fileEncoding = 4; lastKnownFileType = sourcecode.c.h; path = "Bridging-Header.h"; sourceTree = "<group>"; };
		EE31F945406D46D081BE086A /* CDVGlobalization.m */ = {isa = PBXFileReference; explicitFileType = undefined; fileEncoding = 4; includeInIndex = 0; lastKnownFileType = sourcecode.c.objc; name = CDVGlobalization.m; path = "cordova-plugin-globalization/CDVGlobalization.m"; sourceTree = "<group>"; };
		F46097BF62D343759BBDA0CB /* CDVJpegHeaderWriter.m */ = {isa = PBXFileReference; explicitFileType = undefined; fileEncoding = 4; includeInIndex = 0; lastKnownFileType = sourcecode.c.objc; name = CDVJpegHeaderWriter.m; path = "cordova-plugin-camera/CDVJpegHeaderWriter.m"; sourceTree = "<group>"; };
		F840E1F0165FE0F500CFE078 /* config.xml */ = {isa = PBXFileReference; lastKnownFileType = text.xml; name = config.xml; path = "Offering Kiosk/config.xml"; sourceTree = "<group>"; };
		F95E32ACBE7A438B8B5C783B /* CDVFileTransfer.m */ = {isa = PBXFileReference; explicitFileType = undefined; fileEncoding = 4; includeInIndex = 0; lastKnownFileType = sourcecode.c.objc; name = CDVFileTransfer.m; path = "cordova-plugin-file-transfer/CDVFileTransfer.m"; sourceTree = "<group>"; };
		FDE445B12D064B44A13067B3 /* UIImage+CropScaleOrientation.h */ = {isa = PBXFileReference; explicitFileType = undefined; fileEncoding = 4; includeInIndex = 0; lastKnownFileType = sourcecode.c.h; name = "UIImage+CropScaleOrientation.h"; path = "cordova-plugin-camera/UIImage+CropScaleOrientation.h"; sourceTree = "<group>"; };
		FF4A5DC2E6F54F8FBD9100B3 /* CDVNotification.m */ = {isa = PBXFileReference; explicitFileType = undefined; fileEncoding = 4; includeInIndex = 0; lastKnownFileType = sourcecode.c.objc; name = CDVNotification.m; path = "cordova-plugin-dialogs/CDVNotification.m"; sourceTree = "<group>"; };
/* End PBXFileReference section */

/* Begin PBXFrameworksBuildPhase section */
		1D60588F0D05DD3D006BFB54 /* Frameworks */ = {
			isa = PBXFrameworksBuildPhase;
			buildActionMask = 2147483647;
			files = (
				301BF552109A68D80062928A /* libCordova.a in Frameworks */,
				4063D683E91047DEBBB5B754 /* libz.tbd in Frameworks */,
				C327760648EA40E2B652E58F /* IDTECH_UniMag.a in Frameworks */,
				6C89DC614E924AB2A0B2AE47 /* AVFoundation.framework in Frameworks */,
				A4897E97D7904A3F815DCE95 /* AudioToolbox.framework in Frameworks */,
				3E6339BCAD79442DBD1A0DD3 /* MediaPlayer.framework in Frameworks */,
				A100C68CDF4E4C468043A34C /* ImageIO.framework in Frameworks */,
				1F78B27CD4D9472DBE2EFB1B /* CoreLocation.framework in Frameworks */,
				22AE71EF32BD486EBCC42E03 /* AddressBook.framework in Frameworks */,
				B07F2742738C4B4494D19AB9 /* AddressBookUI.framework in Frameworks */,
				5E341122FB9B4D71879F2F62 /* CoreMotion.framework in Frameworks */,
				2251B63022A84926AF11EB4E /* SystemConfiguration.framework in Frameworks */,
				199540DD964D4289ADF45B98 /* CoreTelephony.framework in Frameworks */,
			);
			runOnlyForDeploymentPostprocessing = 0;
		};
/* End PBXFrameworksBuildPhase section */

/* Begin PBXGroup section */
		080E96DDFE201D6D7F000001 /* Classes */ = {
			isa = PBXGroup;
			children = (
				302D95EE14D2391D003F00A1 /* MainViewController.h */,
				302D95EF14D2391D003F00A1 /* MainViewController.m */,
				302D95F014D2391D003F00A1 /* MainViewController.xib */,
				1D3623240D0F684500981E51 /* AppDelegate.h */,
				1D3623250D0F684500981E51 /* AppDelegate.m */,
			);
			name = Classes;
			path = "Offering Kiosk/Classes";
			sourceTree = SOURCE_ROOT;
		};
		19C28FACFE9D520D11CA2CBB /* Products */ = {
			isa = PBXGroup;
			children = (
				1D6058910D05DD3D006BFB54 /* Offering Kiosk.app */,
			);
			name = Products;
			sourceTree = "<group>";
		};
		29B97314FDCFA39411CA2CEA /* CustomTemplate */ = {
			isa = PBXGroup;
			children = (
				EB87FDF41871DAF40020F90C /* config.xml */,
				EB87FDF31871DA8E0020F90C /* www */,
				EB87FDF11871DA420020F90C /* Staging */,
				301BF52D109A57CC0062928A /* CordovaLib.xcodeproj */,
				080E96DDFE201D6D7F000001 /* Classes */,
				307C750510C5A3420062BCA9 /* Plugins */,
				29B97315FDCFA39411CA2CEA /* Other Sources */,
				29B97317FDCFA39411CA2CEA /* Resources */,
				29B97323FDCFA39411CA2CEA /* Frameworks */,
				19C28FACFE9D520D11CA2CBB /* Products */,
			);
			name = CustomTemplate;
			sourceTree = "<group>";
		};
		29B97315FDCFA39411CA2CEA /* Other Sources */ = {
			isa = PBXGroup;
			children = (
				32CA4F630368D1EE00C91783 /* Offering Kiosk-Prefix.pch */,
				29B97316FDCFA39411CA2CEA /* main.m */,
				ED33DF2A687741AEAF9F8254 /* Bridging-Header.h */,
			);
			name = "Other Sources";
			path = "Offering Kiosk";
			sourceTree = "<group>";
		};
		29B97317FDCFA39411CA2CEA /* Resources */ = {
			isa = PBXGroup;
			children = (
				0207DA571B56EA530066E2B4 /* Images.xcassets */,
				3047A50E1AB8057F00498E2A /* config */,
				8D1107310486CEB800E47090 /* Offering Kiosk-Info.plist */,
				6AFF5BF81D6E424B00AB3073 /* CDVLaunchScreen.storyboard */,
				251810693EE14ACF84636F3F /* CDVNotification.bundle */,
				CB3BF5A5C3B14649B549594C /* CDVCapture.bundle */,
			);
			name = Resources;
			path = "Offering Kiosk/Resources";
			sourceTree = "<group>";
		};
		29B97323FDCFA39411CA2CEA /* Frameworks */ = {
			isa = PBXGroup;
			children = (
				DD0FB70E56A34295B9D9881C /* libz.tbd */,
				52852E76700C4A9FBB473D2A /* IDTECH_UniMag.a */,
				5832B32DE96B42A2950C47D2 /* AVFoundation.framework */,
				300961B699A94A4B967DCA40 /* AudioToolbox.framework */,
				5365C97E5A5647A2A4CD24E8 /* MediaPlayer.framework */,
				431BA220805C4D6AAC5E78CF /* ImageIO.framework */,
				28A07FFC5F0F421D908AFABE /* CoreLocation.framework */,
				4006D3F87F514F46BB944E3E /* AddressBook.framework */,
				54819DB4F4D04971BD74BA21 /* AddressBookUI.framework */,
				1491CB26CBDC4F9CA68225B9 /* CoreMotion.framework */,
				A6E6A534DC8942FC8B77B8AB /* SystemConfiguration.framework */,
				5C13220F99404C28BFED63F8 /* CoreTelephony.framework */,
			);
			name = Frameworks;
			sourceTree = "<group>";
		};
		301BF52E109A57CC0062928A /* Products */ = {
			isa = PBXGroup;
			children = (
				301BF535109A57CC0062928A /* libCordova.a */,
			);
			name = Products;
			sourceTree = "<group>";
		};
		3047A50E1AB8057F00498E2A /* config */ = {
			isa = PBXGroup;
			children = (
				3047A50F1AB8059700498E2A /* build-debug.xcconfig */,
				3047A5101AB8059700498E2A /* build-release.xcconfig */,
				3047A5111AB8059700498E2A /* build.xcconfig */,
			);
			name = config;
			sourceTree = "<group>";
		};
		307C750510C5A3420062BCA9 /* Plugins */ = {
			isa = PBXGroup;
			children = (
				79AEF235E6E54D22A3D763B2 /* CDVDevice.m */,
				09537C91EBAB45DAB292863F /* CDVDevice.h */,
				DF9E2036BB2A418DB6460BD7 /* UnimagSwiper.m */,
				B997437ADFAC4CADB0D66584 /* uniMag.h */,
				6778D0945D114D0D9ADEECAB /* UnimagSwiper.h */,
				3DF019194CFB45E5A730B590 /* CDVBattery.m */,
				BFDC0A7D8DDF4CCDBA3312DF /* CDVBattery.h */,
				A336880CFE494E1EACDC4B31 /* UIImage+CropScaleOrientation.m */,
				4A10E424081D4F2E9636B906 /* CDVCamera.m */,
				F46097BF62D343759BBDA0CB /* CDVJpegHeaderWriter.m */,
				FDE445B12D064B44A13067B3 /* UIImage+CropScaleOrientation.h */,
				06234C089EA14BC0A1864FD9 /* CDVCamera.h */,
				8942AB09825441C69D02562A /* CDVJpegHeaderWriter.h */,
				4ABBDEA347CE494EA983A7DA /* CDVExif.h */,
				2F01397D85924E8D8FF03870 /* CDVLogger.m */,
				C886924F697F4C49A975AAEC /* CDVLogger.h */,
				E28C8CBD8A054D4A9482C1B7 /* CDVContacts.m */,
				2329B5601DBC49E2AF8A2EC1 /* CDVContact.m */,
				050199A269DF4A33A4CAE714 /* CDVContacts.h */,
				3D38D5553A6A4D5F85A7522A /* CDVContact.h */,
				35B96EAAB3F64E10A490092D /* CDVAccelerometer.m */,
				69E7425BFCD64A5580DC6F1C /* CDVAccelerometer.h */,
				680C276F8A894FD5BFC391CA /* CDVCompass.m */,
				5B3ED6AE9D984408ACD99A67 /* CDVCompass.h */,
				FF4A5DC2E6F54F8FBD9100B3 /* CDVNotification.m */,
				0C187372410A4DA59A04D24A /* CDVNotification.h */,
				A03C5885821649A3A9BC30B5 /* CDVFile.m */,
				4B0152BF95E546B5A8EE0217 /* CDVLocalFilesystem.m */,
				2D9B548494E64279A9E88824 /* CDVAssetLibraryFilesystem.m */,
				9F06EF43D5684434BF5361FA /* CDVFile.h */,
				7B30430F524444B782C50F26 /* CDVLocalFilesystem.h */,
				C1B7F2E552B2485CB232CFB1 /* CDVAssetLibraryFilesystem.h */,
				F95E32ACBE7A438B8B5C783B /* CDVFileTransfer.m */,
				D14D3F39735F400B90886B11 /* CDVFileTransfer.h */,
				D09EC28ADD4C492AA29FE975 /* CDVLocation.m */,
				425D57DA41444091988CA814 /* CDVLocation.h */,
				EE31F945406D46D081BE086A /* CDVGlobalization.m */,
				DA7A17CFD03D4F848DF534E9 /* CDVGlobalization.h */,
				C9C6A239482141B8A1E1A855 /* CDVInAppBrowser.m */,
				9A06920F7DD54B808CD324CE /* CDVInAppBrowser.h */,
				2B89CC49244148AD8C76645B /* CDVSound.m */,
				CEF8415CE3B6417C994211C3 /* CDVSound.h */,
				46C9004A1249472C9989D7C8 /* CDVCapture.m */,
				4732778673ED4D63A1DB2758 /* CDVCapture.h */,
				7A975CBBB9A14C5B9961F323 /* CDVConnection.m */,
				0B87774301CD4FAFB6B6885F /* CDVReachability.m */,
				62FB02E40DA640D4A495290A /* CDVConnection.h */,
				3CD4003808E14021A1DA4F04 /* CDVReachability.h */,
				22240D8258F94B10A23836F5 /* CDVSplashScreen.m */,
				6A8A64D077BC40E6BF16CCC7 /* CDVViewController+SplashScreen.m */,
				D8BE8F6F0D60416B85E81E7D /* CDVSplashScreen.h */,
				1CED8C20260F4B5A94DFDC68 /* CDVViewController+SplashScreen.h */,
				3ABBCFF453D54816BD218272 /* CDVStatusBar.m */,
				8BFBCF482ABA468CA55A78B9 /* CDVStatusBar.h */,
				4637B05B3C4B4A49B4602A4B /* CDVVibration.m */,
				6A05D1AD637A43F3B3A319CB /* CDVVibration.h */,
			);
			name = Plugins;
			path = "Offering Kiosk/Plugins";
			sourceTree = SOURCE_ROOT;
		};
		EB87FDF11871DA420020F90C /* Staging */ = {
			isa = PBXGroup;
			children = (
				F840E1F0165FE0F500CFE078 /* config.xml */,
				301BF56E109A69640062928A /* www */,
			);
			name = Staging;
			sourceTree = "<group>";
		};
/* End PBXGroup section */

/* Begin PBXNativeTarget section */
		1D6058900D05DD3D006BFB54 /* Offering Kiosk */ = {
			isa = PBXNativeTarget;
			buildConfigurationList = 1D6058960D05DD3E006BFB54 /* Build configuration list for PBXNativeTarget "Offering Kiosk" */;
			buildPhases = (
				304B58A110DAC018002A0835 /* Copy www directory */,
				1D60588D0D05DD3D006BFB54 /* Resources */,
				1D60588E0D05DD3D006BFB54 /* Sources */,
				1D60588F0D05DD3D006BFB54 /* Frameworks */,
			);
			buildRules = (
			);
			dependencies = (
				301BF551109A68C00062928A /* PBXTargetDependency */,
			);
			name = "Offering Kiosk";
			productName = "Offering Kiosk";
			productReference = 1D6058910D05DD3D006BFB54 /* Offering Kiosk.app */;
			productType = "com.apple.product-type.application";
		};
/* End PBXNativeTarget section */

/* Begin PBXProject section */
		29B97313FDCFA39411CA2CEA /* Project object */ = {
			isa = PBXProject;
			attributes = {
				LastUpgradeCheck = 940;
				TargetAttributes = {
					1D6058900D05DD3D006BFB54 = {
						DevelopmentTeam = 86DCZ8S5Q6;
						ProvisioningStyle = Automatic;
					};
				};
			};
			buildConfigurationList = C01FCF4E08A954540054247B /* Build configuration list for PBXProject "Offering Kiosk" */;
			compatibilityVersion = "Xcode 3.2";
			developmentRegion = English;
			hasScannedForEncodings = 1;
			knownRegions = (
				en,
			);
			mainGroup = 29B97314FDCFA39411CA2CEA /* CustomTemplate */;
			projectDirPath = "";
			projectReferences = (
				{
					ProductGroup = 301BF52E109A57CC0062928A /* Products */;
					ProjectRef = 301BF52D109A57CC0062928A /* CordovaLib.xcodeproj */;
				},
			);
			projectRoot = "";
			targets = (
				1D6058900D05DD3D006BFB54 /* Offering Kiosk */,
			);
		};
/* End PBXProject section */

/* Begin PBXReferenceProxy section */
		301BF535109A57CC0062928A /* libCordova.a */ = {
			isa = PBXReferenceProxy;
			fileType = archive.ar;
			path = libCordova.a;
			remoteRef = 301BF534109A57CC0062928A /* PBXContainerItemProxy */;
			sourceTree = BUILT_PRODUCTS_DIR;
		};
/* End PBXReferenceProxy section */

/* Begin PBXResourcesBuildPhase section */
		1D60588D0D05DD3D006BFB54 /* Resources */ = {
			isa = PBXResourcesBuildPhase;
			buildActionMask = 2147483647;
			files = (
				302D95F214D2391D003F00A1 /* MainViewController.xib in Resources */,
				0207DA581B56EA530066E2B4 /* Images.xcassets in Resources */,
				6AFF5BF91D6E424B00AB3073 /* CDVLaunchScreen.storyboard in Resources */,
				4763B6C6856944C19F82574F /* CDVNotification.bundle in Resources */,
				18C8007314EB4A198C5D23A8 /* CDVCapture.bundle in Resources */,
			);
			runOnlyForDeploymentPostprocessing = 0;
		};
/* End PBXResourcesBuildPhase section */

/* Begin PBXShellScriptBuildPhase section */
		304B58A110DAC018002A0835 /* Copy www directory */ = {
			isa = PBXShellScriptBuildPhase;
			buildActionMask = 2147483647;
			files = (
			);
			inputPaths = (
			);
			name = "Copy www directory";
			outputPaths = (
			);
			runOnlyForDeploymentPostprocessing = 0;
			shellPath = /bin/sh;
			shellScript = "NODEJS_PATH=/usr/local/bin; NVM_NODE_PATH=~/.nvm/versions/node/`nvm version 2>/dev/null`/bin; N_NODE_PATH=`find /usr/local/n/versions/node/* -maxdepth 0 -type d 2>/dev/null | tail -1`/bin; XCODE_NODE_PATH=`xcode-select --print-path`/usr/share/xcs/Node/bin; PATH=$NODEJS_PATH:$NVM_NODE_PATH:$N_NODE_PATH:$XCODE_NODE_PATH:$PATH && node cordova/lib/copy-www-build-step.js";
			showEnvVarsInLog = 0;
		};
/* End PBXShellScriptBuildPhase section */

/* Begin PBXSourcesBuildPhase section */
		1D60588E0D05DD3D006BFB54 /* Sources */ = {
			isa = PBXSourcesBuildPhase;
			buildActionMask = 2147483647;
			files = (
				1D60589B0D05DD56006BFB54 /* main.m in Sources */,
				1D3623260D0F684500981E51 /* AppDelegate.m in Sources */,
				302D95F114D2391D003F00A1 /* MainViewController.m in Sources */,
				0B374639634D4473884109C8 /* CDVDevice.m in Sources */,
				4F5C8709C31D47F793220976 /* UnimagSwiper.m in Sources */,
				2C22B3C9CF4849EB9EDA4A78 /* CDVBattery.m in Sources */,
				D57783110B414721949504E4 /* UIImage+CropScaleOrientation.m in Sources */,
				2E532719A7D5464BA9DBFF9C /* CDVCamera.m in Sources */,
				490A957602FF4E4BA05F164C /* CDVJpegHeaderWriter.m in Sources */,
				88D444422DE141C2BEFA0048 /* CDVLogger.m in Sources */,
				BAB4299972604A478F93CB60 /* CDVContacts.m in Sources */,
				6A905C92CFC945BFA02191BE /* CDVContact.m in Sources */,
				78032AD46DF544C2A80B26B5 /* CDVAccelerometer.m in Sources */,
				D3E9BD2190C9441BACBEED96 /* CDVCompass.m in Sources */,
				620D1BC9E34F4EFEBCC3E566 /* CDVNotification.m in Sources */,
				1CF5E03400A446D49A0527E6 /* CDVFile.m in Sources */,
				4B5D7754BB104558BF459DB7 /* CDVLocalFilesystem.m in Sources */,
				C4DE0ECCF3BB4BA7AC33A31A /* CDVAssetLibraryFilesystem.m in Sources */,
				E3BF59DF25304423AAD47681 /* CDVFileTransfer.m in Sources */,
				8DDBB96355D444509BA5B3BC /* CDVLocation.m in Sources */,
				59F32ECCA8CD4A73B50E9B8E /* CDVGlobalization.m in Sources */,
				9931B08BCD184BB89609FB73 /* CDVInAppBrowser.m in Sources */,
				C758561DEB554D56B3D28570 /* CDVSound.m in Sources */,
				A8F8D99A5B674D98851A120C /* CDVCapture.m in Sources */,
				8B8091D1E24646699FF8C5D1 /* CDVConnection.m in Sources */,
				B3C4DD91C85D4524A595F3A6 /* CDVReachability.m in Sources */,
				C94866426C4D43DEB27C5DA3 /* CDVSplashScreen.m in Sources */,
				169D398F2AE34A14ADD14845 /* CDVViewController+SplashScreen.m in Sources */,
				6164D133B38F4AC5AB23279E /* CDVStatusBar.m in Sources */,
				CE2D1AB0A836463AA69DDA7D /* CDVVibration.m in Sources */,
			);
			runOnlyForDeploymentPostprocessing = 0;
		};
/* End PBXSourcesBuildPhase section */

/* Begin PBXTargetDependency section */
		301BF551109A68C00062928A /* PBXTargetDependency */ = {
			isa = PBXTargetDependency;
			name = CordovaLib;
			targetProxy = 301BF550109A68C00062928A /* PBXContainerItemProxy */;
		};
/* End PBXTargetDependency section */

/* Begin XCBuildConfiguration section */
		1D6058940D05DD3E006BFB54 /* Debug */ = {
			isa = XCBuildConfiguration;
			baseConfigurationReference = 3047A50F1AB8059700498E2A /* build-debug.xcconfig */;
			buildSettings = {
				ALWAYS_SEARCH_USER_PATHS = NO;
				ASSETCATALOG_COMPILER_APPICON_NAME = AppIcon;
				ASSETCATALOG_COMPILER_LAUNCHIMAGE_NAME = LaunchImage;
				CLANG_ENABLE_MODULES = YES;
				CLANG_ENABLE_OBJC_ARC = YES;
				"CODE_SIGN_IDENTITY[sdk=iphoneos*]" = "iPhone Developer";
				COPY_PHASE_STRIP = NO;
				DEVELOPMENT_TEAM = 86DCZ8S5Q6;
				GCC_DYNAMIC_NO_PIC = NO;
				GCC_OPTIMIZATION_LEVEL = 0;
				GCC_PRECOMPILE_PREFIX_HEADER = YES;
				GCC_PREFIX_HEADER = "Offering Kiosk/Offering Kiosk-Prefix.pch";
				GCC_THUMB_SUPPORT = NO;
				GCC_VERSION = "";
				INFOPLIST_FILE = "Offering Kiosk/Offering Kiosk-Info.plist";
				IPHONEOS_DEPLOYMENT_TARGET = 8.0;
				LD_RUNPATH_SEARCH_PATHS = "@executable_path/Frameworks";
				LIBRARY_SEARCH_PATHS = (
					"$(inherited)",
					"\"$(SRCROOT)/Offering Kiosk/Plugins/com.wodify.cordova.plugin.unimag-swiper\"",
				);
				PRODUCT_BUNDLE_IDENTIFIER = com.company.continuetogive;
				PRODUCT_NAME = "Offering Kiosk";
				PROVISIONING_PROFILE = "";
				PROVISIONING_PROFILE_SPECIFIER = "";
				TARGETED_DEVICE_FAMILY = "1,2";
			};
			name = Debug;
		};
		1D6058950D05DD3E006BFB54 /* Release */ = {
			isa = XCBuildConfiguration;
			baseConfigurationReference = 3047A5101AB8059700498E2A /* build-release.xcconfig */;
			buildSettings = {
				ALWAYS_SEARCH_USER_PATHS = NO;
				ASSETCATALOG_COMPILER_APPICON_NAME = AppIcon;
				ASSETCATALOG_COMPILER_LAUNCHIMAGE_NAME = LaunchImage;
				CLANG_ENABLE_MODULES = YES;
				CLANG_ENABLE_OBJC_ARC = YES;
				"CODE_SIGN_IDENTITY[sdk=iphoneos*]" = "iPhone Developer";
				COPY_PHASE_STRIP = YES;
				DEVELOPMENT_TEAM = 86DCZ8S5Q6;
				GCC_PRECOMPILE_PREFIX_HEADER = YES;
				GCC_PREFIX_HEADER = "Offering Kiosk/Offering Kiosk-Prefix.pch";
				GCC_THUMB_SUPPORT = NO;
				GCC_VERSION = "";
				INFOPLIST_FILE = "Offering Kiosk/Offering Kiosk-Info.plist";
				IPHONEOS_DEPLOYMENT_TARGET = 8.0;
				LD_RUNPATH_SEARCH_PATHS = "@executable_path/Frameworks";
				LIBRARY_SEARCH_PATHS = (
					"$(inherited)",
					"\"$(SRCROOT)/Offering Kiosk/Plugins/com.wodify.cordova.plugin.unimag-swiper\"",
				);
				PRODUCT_BUNDLE_IDENTIFIER = com.company.continuetogive;
				PRODUCT_NAME = "Offering Kiosk";
				PROVISIONING_PROFILE_SPECIFIER = "";
				TARGETED_DEVICE_FAMILY = "1,2";
			};
			name = Release;
		};
		C01FCF4F08A954540054247B /* Debug */ = {
			isa = XCBuildConfiguration;
			baseConfigurationReference = 3047A5111AB8059700498E2A /* build.xcconfig */;
			buildSettings = {
				ASSETCATALOG_COMPILER_LAUNCHIMAGE_NAME = LaunchImage;
				CLANG_ENABLE_MODULES = YES;
				CLANG_ENABLE_OBJC_ARC = YES;
				CLANG_WARN_BLOCK_CAPTURE_AUTORELEASING = YES;
				CLANG_WARN_BOOL_CONVERSION = YES;
				CLANG_WARN_COMMA = YES;
				CLANG_WARN_CONSTANT_CONVERSION = YES;
				CLANG_WARN_DEPRECATED_OBJC_IMPLEMENTATIONS = YES;
				CLANG_WARN_EMPTY_BODY = YES;
				CLANG_WARN_ENUM_CONVERSION = YES;
				CLANG_WARN_INFINITE_RECURSION = YES;
				CLANG_WARN_INT_CONVERSION = YES;
				CLANG_WARN_NON_LITERAL_NULL_CONVERSION = YES;
				CLANG_WARN_OBJC_IMPLICIT_RETAIN_SELF = YES;
				CLANG_WARN_OBJC_LITERAL_CONVERSION = YES;
				CLANG_WARN_RANGE_LOOP_ANALYSIS = YES;
				CLANG_WARN_STRICT_PROTOTYPES = YES;
				CLANG_WARN_SUSPICIOUS_MOVE = YES;
				CLANG_WARN_UNREACHABLE_CODE = YES;
				CLANG_WARN__DUPLICATE_METHOD_MATCH = YES;
				ENABLE_STRICT_OBJC_MSGSEND = YES;
				ENABLE_TESTABILITY = YES;
				GCC_C_LANGUAGE_STANDARD = c99;
				GCC_NO_COMMON_BLOCKS = YES;
				GCC_THUMB_SUPPORT = NO;
				GCC_VERSION = "";
				GCC_WARN_64_TO_32_BIT_CONVERSION = YES;
				GCC_WARN_ABOUT_RETURN_TYPE = YES;
				GCC_WARN_UNDECLARED_SELECTOR = YES;
				GCC_WARN_UNINITIALIZED_AUTOS = YES;
				GCC_WARN_UNUSED_FUNCTION = YES;
				GCC_WARN_UNUSED_VARIABLE = YES;
				ONLY_ACTIVE_ARCH = YES;
				SDKROOT = iphoneos;
				SKIP_INSTALL = NO;
			};
			name = Debug;
		};
		C01FCF5008A954540054247B /* Release */ = {
			isa = XCBuildConfiguration;
			baseConfigurationReference = 3047A5111AB8059700498E2A /* build.xcconfig */;
			buildSettings = {
				ASSETCATALOG_COMPILER_LAUNCHIMAGE_NAME = LaunchImage;
				CLANG_ENABLE_MODULES = YES;
				CLANG_ENABLE_OBJC_ARC = YES;
				CLANG_WARN_BLOCK_CAPTURE_AUTORELEASING = YES;
				CLANG_WARN_BOOL_CONVERSION = YES;
				CLANG_WARN_COMMA = YES;
				CLANG_WARN_CONSTANT_CONVERSION = YES;
				CLANG_WARN_DEPRECATED_OBJC_IMPLEMENTATIONS = YES;
				CLANG_WARN_EMPTY_BODY = YES;
				CLANG_WARN_ENUM_CONVERSION = YES;
				CLANG_WARN_INFINITE_RECURSION = YES;
				CLANG_WARN_INT_CONVERSION = YES;
				CLANG_WARN_NON_LITERAL_NULL_CONVERSION = YES;
				CLANG_WARN_OBJC_IMPLICIT_RETAIN_SELF = YES;
				CLANG_WARN_OBJC_LITERAL_CONVERSION = YES;
				CLANG_WARN_RANGE_LOOP_ANALYSIS = YES;
				CLANG_WARN_STRICT_PROTOTYPES = YES;
				CLANG_WARN_SUSPICIOUS_MOVE = YES;
				CLANG_WARN_UNREACHABLE_CODE = YES;
				CLANG_WARN__DUPLICATE_METHOD_MATCH = YES;
				ENABLE_STRICT_OBJC_MSGSEND = YES;
				GCC_C_LANGUAGE_STANDARD = c99;
				GCC_NO_COMMON_BLOCKS = YES;
				GCC_THUMB_SUPPORT = NO;
				GCC_VERSION = "";
				GCC_WARN_64_TO_32_BIT_CONVERSION = YES;
				GCC_WARN_ABOUT_RETURN_TYPE = YES;
				GCC_WARN_UNDECLARED_SELECTOR = YES;
				GCC_WARN_UNINITIALIZED_AUTOS = YES;
				GCC_WARN_UNUSED_FUNCTION = YES;
				GCC_WARN_UNUSED_VARIABLE = YES;
				SDKROOT = iphoneos;
				SKIP_INSTALL = NO;
			};
			name = Release;
		};
/* End XCBuildConfiguration section */

/* Begin XCConfigurationList section */
		1D6058960D05DD3E006BFB54 /* Build configuration list for PBXNativeTarget "Offering Kiosk" */ = {
			isa = XCConfigurationList;
			buildConfigurations = (
				1D6058940D05DD3E006BFB54 /* Debug */,
				1D6058950D05DD3E006BFB54 /* Release */,
			);
			defaultConfigurationIsVisible = 0;
			defaultConfigurationName = Release;
		};
		C01FCF4E08A954540054247B /* Build configuration list for PBXProject "Offering Kiosk" */ = {
			isa = XCConfigurationList;
			buildConfigurations = (
				C01FCF4F08A954540054247B /* Debug */,
				C01FCF5008A954540054247B /* Release */,
			);
			defaultConfigurationIsVisible = 0;
			defaultConfigurationName = Release;
		};
/* End XCConfigurationList section */
	};
	rootObject = 29B97313FDCFA39411CA2CEA /* Project object */;
}
