// !$*UTF8*$!
{
	archiveVersion = 1;
	classes = {
	};
	objectVersion = 46;
	objects = {
/* Begin PBXBuildFile section */
		0207DA581B56EA530066E2B4 /* Images.xcassets in Resources */ = {isa = PBXBuildFile; fileRef = 0207DA571B56EA530066E2B4 /* Images.xcassets */; };
		05F34D01CB124C6EBD765A3B /* CoreLocation.framework in Frameworks */ = {isa = PBXBuildFile; fileRef = 8AD132610CF74EE48DD9E42E /* CoreLocation.framework */; };
		1D3623260D0F684500981E51 /* AppDelegate.m in Sources */ = {isa = PBXBuildFile; fileRef = 1D3623250D0F684500981E51 /* AppDelegate.m */; };
		1D60589B0D05DD56006BFB54 /* main.m in Sources */ = {isa = PBXBuildFile; fileRef = 29B97316FDCFA39411CA2CEA /* main.m */; };
		1EF4B51D6F1C4710B35955BA /* CoreMotion.framework in Frameworks */ = {isa = PBXBuildFile; fileRef = 89C706E1CFC946EE8BDDC586 /* CoreMotion.framework */; };
		22A0CDD0407F42DE8D506F5B /* AVFoundation.framework in Frameworks */ = {isa = PBXBuildFile; fileRef = 25361F4210B147AE98474D6E /* AVFoundation.framework */; };
		301BF552109A68D80062928A /* libCordova.a in Frameworks */ = {isa = PBXBuildFile; fileRef = 301BF535109A57CC0062928A /* libCordova.a */; };
		302D95F114D2391D003F00A1 /* MainViewController.m in Sources */ = {isa = PBXBuildFile; fileRef = 302D95EF14D2391D003F00A1 /* MainViewController.m */; };
		302D95F214D2391D003F00A1 /* MainViewController.xib in Resources */ = {isa = PBXBuildFile; fileRef = 302D95F014D2391D003F00A1 /* MainViewController.xib */; };
		360EEF2F83064F46BA214324 /* CDVFileTransfer.m in Sources */ = {isa = PBXBuildFile; fileRef = 6982591F17AF49F39518A8FD /* CDVFileTransfer.m */; };
		377244EE34504B889ADDA0F9 /* CDVAccelerometer.m in Sources */ = {isa = PBXBuildFile; fileRef = 3FF21C6BF77940B2B45B9A69 /* CDVAccelerometer.m */; };
		3800CF2605344EBB88D780BF /* CDVViewController+SplashScreen.m in Sources */ = {isa = PBXBuildFile; fileRef = 45A68D35E8C14F978C553AE8 /* CDVViewController+SplashScreen.m */; };
		41DAD91691724FD68E9D1F91 /* CDVCapture.bundle in Resources */ = {isa = PBXBuildFile; fileRef = 0D74EBEC3F08464287D38926 /* CDVCapture.bundle */; };
		4BA1EAB81D3649B0B3C38628 /* CDVAssetLibraryFilesystem.m in Sources */ = {isa = PBXBuildFile; fileRef = CAD606EE2D9C4F958DD6A0EE /* CDVAssetLibraryFilesystem.m */; };
		4D9A5FCEC06C4FD2BB14A00C /* CDVLocalFilesystem.m in Sources */ = {isa = PBXBuildFile; fileRef = DB603A7D6D87425EAABC8DA0 /* CDVLocalFilesystem.m */; };
		54F6D5B45A7245A09B892EB2 /* AddressBookUI.framework in Frameworks */ = {isa = PBXBuildFile; fileRef = 07D22282C85341EF96097A4B /* AddressBookUI.framework */; settings = {ATTRIBUTES = (Weak, ); }; };
		5ABC08A74CD94DC5B8A97F0F /* IDTECH_UniMag.a in Frameworks */ = {isa = PBXBuildFile; fileRef = CB3DD7DAC0634B7B8D2B8049 /* IDTECH_UniMag.a */; };
		5F3B0C0BDF2145B3A47BC0A7 /* CDVVibration.m in Sources */ = {isa = PBXBuildFile; fileRef = E2581087EE6044F08183ADDF /* CDVVibration.m */; };
		6441A27E34434B0E88A58E4C /* CDVConnection.m in Sources */ = {isa = PBXBuildFile; fileRef = E5D8B6780D354C0DBD56BEAA /* CDVConnection.m */; };
		6762246443004F5FAF5F7BA0 /* CDVCamera.m in Sources */ = {isa = PBXBuildFile; fileRef = 35873EC3B54443CBB05BB81F /* CDVCamera.m */; };
		6AFF5BF91D6E424B00AB3073 /* CDVLaunchScreen.storyboard in Resources */ = {isa = PBXBuildFile; fileRef = 6AFF5BF81D6E424B00AB3073 /* CDVLaunchScreen.storyboard */; };
		76E47A144B5C42E5B49E1477 /* libz.tbd in Frameworks */ = {isa = PBXBuildFile; fileRef = 6CB41B0A193D4544AB33B7E9 /* libz.tbd */; };
		7E0BF88E8CE14CA285A1941A /* CoreTelephony.framework in Frameworks */ = {isa = PBXBuildFile; fileRef = 45DD0B5363D04ECCA91500DB /* CoreTelephony.framework */; };
		8173C8BA2BEC45B5BA495397 /* CDVJpegHeaderWriter.m in Sources */ = {isa = PBXBuildFile; fileRef = 5133FED4AC6646E091C0A101 /* CDVJpegHeaderWriter.m */; };
		8614C3D1126648ACB2E30274 /* CDVBattery.m in Sources */ = {isa = PBXBuildFile; fileRef = EA7BBACA6F9A4DF4B953F1F6 /* CDVBattery.m */; };
		8873CB746815444FB129E9C9 /* CDVCompass.m in Sources */ = {isa = PBXBuildFile; fileRef = 82F9057C6FA94245BEC2E585 /* CDVCompass.m */; };
		888B7CCFBA6E4968A9F3D8DC /* MediaPlayer.framework in Frameworks */ = {isa = PBXBuildFile; fileRef = A3E1B0BA53A34B84B8C59821 /* MediaPlayer.framework */; };
		979803BFE19E41E886311E10 /* CDVLocation.m in Sources */ = {isa = PBXBuildFile; fileRef = AE0B9900C6AD4B30B497072E /* CDVLocation.m */; };
		99794F2D57464BAFB7F1DC46 /* CDVNotification.m in Sources */ = {isa = PBXBuildFile; fileRef = FDF7F1A016D048F981F83CF1 /* CDVNotification.m */; };
		9CFAF20CD54246CFA685BBEC /* CDVContacts.m in Sources */ = {isa = PBXBuildFile; fileRef = 74A781735BC24031B1B1FA87 /* CDVContacts.m */; };
		9F6455878C9942B4A2DB0D7F /* CDVLogger.m in Sources */ = {isa = PBXBuildFile; fileRef = AB5DDC077BE240398B19419D /* CDVLogger.m */; };
		A16A33E4D1E44EE995C36C14 /* CDVSound.m in Sources */ = {isa = PBXBuildFile; fileRef = B6CDCA0EAC5A44138F7A3759 /* CDVSound.m */; };
		A32B89FC809A4801997BAD4A /* CDVSplashScreen.m in Sources */ = {isa = PBXBuildFile; fileRef = CACC7775952940409FE5C3B2 /* CDVSplashScreen.m */; };
		AA0B9773A6E1401A80A8B2BD /* UnimagSwiper.m in Sources */ = {isa = PBXBuildFile; fileRef = 14341ED29F01486683CE90B6 /* UnimagSwiper.m */; };
		B6E5E9B5D642452E84F12D53 /* AddressBook.framework in Frameworks */ = {isa = PBXBuildFile; fileRef = 795A45EEB6684C26948DB1FE /* AddressBook.framework */; settings = {ATTRIBUTES = (Weak, ); }; };
		B815BFAF2B4B454483ED38C4 /* CDVInAppBrowser.m in Sources */ = {isa = PBXBuildFile; fileRef = CD8FA78CFBAB485FA88C9BB6 /* CDVInAppBrowser.m */; };
		B86F0AF28EF84AF080E89CEE /* CDVCapture.m in Sources */ = {isa = PBXBuildFile; fileRef = F06F6EE0A120446AB765226B /* CDVCapture.m */; };
		BE6F26555C094523B4E5F9FB /* CDVGlobalization.m in Sources */ = {isa = PBXBuildFile; fileRef = B9F6738241484434996E6ABA /* CDVGlobalization.m */; };
		BF34B04323DA452698F89C38 /* AudioToolbox.framework in Frameworks */ = {isa = PBXBuildFile; fileRef = 3563B952B38C4615954EBE15 /* AudioToolbox.framework */; };
		C1481488859D4A9086E398B6 /* SystemConfiguration.framework in Frameworks */ = {isa = PBXBuildFile; fileRef = 4E664963DCC34940A5D6D067 /* SystemConfiguration.framework */; settings = {ATTRIBUTES = (Weak, ); }; };
		C41FE82094354A4690CA388B /* CDVStatusBar.m in Sources */ = {isa = PBXBuildFile; fileRef = 9795A2023B624D7FAB887EB3 /* CDVStatusBar.m */; };
		D58AE04AC47042EC9B505448 /* CDVReachability.m in Sources */ = {isa = PBXBuildFile; fileRef = 548515F737B04C3CA72F52E7 /* CDVReachability.m */; };
		DAA2BE057FCC45B2B7A47AC2 /* ImageIO.framework in Frameworks */ = {isa = PBXBuildFile; fileRef = 498D58D59A4442B698DF9786 /* ImageIO.framework */; settings = {ATTRIBUTES = (Weak, ); }; };
		DE9D5933772A467887B72C68 /* CDVContact.m in Sources */ = {isa = PBXBuildFile; fileRef = 41ED05D90A594584811BE76F /* CDVContact.m */; };
		E205801105F5433B9DB5D1DD /* CDVNotification.bundle in Resources */ = {isa = PBXBuildFile; fileRef = CBAFE8400B634472BD8FC10C /* CDVNotification.bundle */; };
		E9820B2E64E240E289B7CFFB /* CDVFile.m in Sources */ = {isa = PBXBuildFile; fileRef = 5E24A4EA82B14AB1AA248CF5 /* CDVFile.m */; };
		EA4B4166D3E542F6B016E382 /* CDVDevice.m in Sources */ = {isa = PBXBuildFile; fileRef = F0DD71CEC30043A783B326E4 /* CDVDevice.m */; };
		ED441B3C4DC34F4287419E6F /* UIImage+CropScaleOrientation.m in Sources */ = {isa = PBXBuildFile; fileRef = C07D4003E59D4BEDB56E23E0 /* UIImage+CropScaleOrientation.m */; };
/* End PBXBuildFile section */

/* Begin PBXContainerItemProxy section */
		301BF534109A57CC0062928A /* PBXContainerItemProxy */ = {
			isa = PBXContainerItemProxy;
			containerPortal = 301BF52D109A57CC0062928A /* CordovaLib.xcodeproj */;
			proxyType = 2;
			remoteGlobalIDString = D2AAC07E0554694100DB518D;
			remoteInfo = CordovaLib;
		};
		301BF550109A68C00062928A /* PBXContainerItemProxy */ = {
			isa = PBXContainerItemProxy;
			containerPortal = 301BF52D109A57CC0062928A /* CordovaLib.xcodeproj */;
			proxyType = 1;
			remoteGlobalIDString = D2AAC07D0554694100DB518D;
			remoteInfo = CordovaLib;
		};
/* End PBXContainerItemProxy section */

/* Begin PBXFileReference section */
		0084974C1E9A43D3B33C40B4 /* CDVCompass.h */ = {isa = PBXFileReference; explicitFileType = undefined; fileEncoding = 4; includeInIndex = 0; lastKnownFileType = sourcecode.c.h; name = CDVCompass.h; path = "cordova-plugin-device-orientation/CDVCompass.h"; sourceTree = "<group>"; };
		0207DA571B56EA530066E2B4 /* Images.xcassets */ = {isa = PBXFileReference; lastKnownFileType = folder.assetcatalog; name = Images.xcassets; path = "Offering Kiosk/Images.xcassets"; sourceTree = SOURCE_ROOT; };
		07D22282C85341EF96097A4B /* AddressBookUI.framework */ = {isa = PBXFileReference; explicitFileType = undefined; fileEncoding = 9; includeInIndex = 0; lastKnownFileType = wrapper.framework; name = AddressBookUI.framework; path = System/Library/Frameworks/AddressBookUI.framework; sourceTree = SDKROOT; };
		0D74EBEC3F08464287D38926 /* CDVCapture.bundle */ = {isa = PBXFileReference; explicitFileType = undefined; fileEncoding = 9; includeInIndex = 0; lastKnownFileType = "wrapper.plug-in"; path = CDVCapture.bundle; sourceTree = "<group>"; };
		14341ED29F01486683CE90B6 /* UnimagSwiper.m */ = {isa = PBXFileReference; explicitFileType = undefined; fileEncoding = 4; includeInIndex = 0; lastKnownFileType = sourcecode.c.objc; name = UnimagSwiper.m; path = "com.wodify.cordova.plugin.unimag-swiper/UnimagSwiper.m"; sourceTree = "<group>"; };
		1558AFB2033B4A15A4A3956A /* UnimagSwiper.h */ = {isa = PBXFileReference; explicitFileType = undefined; fileEncoding = 4; includeInIndex = 0; lastKnownFileType = sourcecode.c.h; name = UnimagSwiper.h; path = "com.wodify.cordova.plugin.unimag-swiper/UnimagSwiper.h"; sourceTree = "<group>"; };
		173AAF1184A7467886253426 /* CDVCamera.h */ = {isa = PBXFileReference; explicitFileType = undefined; fileEncoding = 4; includeInIndex = 0; lastKnownFileType = sourcecode.c.h; name = CDVCamera.h; path = "cordova-plugin-camera/CDVCamera.h"; sourceTree = "<group>"; };
		1D3623240D0F684500981E51 /* AppDelegate.h */ = {isa = PBXFileReference; fileEncoding = 4; lastKnownFileType = sourcecode.c.h; path = AppDelegate.h; sourceTree = "<group>"; };
		1D3623250D0F684500981E51 /* AppDelegate.m */ = {isa = PBXFileReference; fileEncoding = 4; lastKnownFileType = sourcecode.c.objc; path = AppDelegate.m; sourceTree = "<group>"; };
		1D6058910D05DD3D006BFB54 /* Offering Kiosk.app */ = {isa = PBXFileReference; explicitFileType = wrapper.application; includeInIndex = 0; path = "Offering Kiosk.app"; sourceTree = BUILT_PRODUCTS_DIR; };
		236DEE27D9B445F2A6D73D4A /* CDVAssetLibraryFilesystem.h */ = {isa = PBXFileReference; explicitFileType = undefined; fileEncoding = 4; includeInIndex = 0; lastKnownFileType = sourcecode.c.h; name = CDVAssetLibraryFilesystem.h; path = "cordova-plugin-file/CDVAssetLibraryFilesystem.h"; sourceTree = "<group>"; };
		25361F4210B147AE98474D6E /* AVFoundation.framework */ = {isa = PBXFileReference; explicitFileType = undefined; fileEncoding = 9; includeInIndex = 0; lastKnownFileType = wrapper.framework; name = AVFoundation.framework; path = System/Library/Frameworks/AVFoundation.framework; sourceTree = SDKROOT; };
		258D996E871E42AE9F09C905 /* CDVFileTransfer.h */ = {isa = PBXFileReference; explicitFileType = undefined; fileEncoding = 4; includeInIndex = 0; lastKnownFileType = sourcecode.c.h; name = CDVFileTransfer.h; path = "cordova-plugin-file-transfer/CDVFileTransfer.h"; sourceTree = "<group>"; };
		27D76458C0604264A64C47B6 /* CDVBattery.h */ = {isa = PBXFileReference; explicitFileType = undefined; fileEncoding = 4; includeInIndex = 0; lastKnownFileType = sourcecode.c.h; name = CDVBattery.h; path = "cordova-plugin-battery-status/CDVBattery.h"; sourceTree = "<group>"; };
		29B97316FDCFA39411CA2CEA /* main.m */ = {isa = PBXFileReference; fileEncoding = 4; lastKnownFileType = sourcecode.c.objc; path = main.m; sourceTree = "<group>"; };
		2D4E7A3FF43F4E6397D95BB2 /* UIImage+CropScaleOrientation.h */ = {isa = PBXFileReference; explicitFileType = undefined; fileEncoding = 4; includeInIndex = 0; lastKnownFileType = sourcecode.c.h; name = "UIImage+CropScaleOrientation.h"; path = "cordova-plugin-camera/UIImage+CropScaleOrientation.h"; sourceTree = "<group>"; };
		301BF52D109A57CC0062928A /* CordovaLib.xcodeproj */ = {isa = PBXFileReference; lastKnownFileType = "wrapper.pb-project"; name = CordovaLib.xcodeproj; path = CordovaLib/CordovaLib.xcodeproj; sourceTree = "<group>"; };
		301BF56E109A69640062928A /* www */ = {isa = PBXFileReference; lastKnownFileType = folder; path = www; sourceTree = SOURCE_ROOT; };
		302D95EE14D2391D003F00A1 /* MainViewController.h */ = {isa = PBXFileReference; fileEncoding = 4; lastKnownFileType = sourcecode.c.h; path = MainViewController.h; sourceTree = "<group>"; };
		302D95EF14D2391D003F00A1 /* MainViewController.m */ = {isa = PBXFileReference; fileEncoding = 4; lastKnownFileType = sourcecode.c.objc; path = MainViewController.m; sourceTree = "<group>"; };
		302D95F014D2391D003F00A1 /* MainViewController.xib */ = {isa = PBXFileReference; fileEncoding = 4; lastKnownFileType = file.xib; path = MainViewController.xib; sourceTree = "<group>"; };
		3047A50F1AB8059700498E2A /* build-debug.xcconfig */ = {isa = PBXFileReference; fileEncoding = 4; lastKnownFileType = text.xcconfig; name = "build-debug.xcconfig"; path = "cordova/build-debug.xcconfig"; sourceTree = SOURCE_ROOT; };
		3047A5101AB8059700498E2A /* build-release.xcconfig */ = {isa = PBXFileReference; fileEncoding = 4; lastKnownFileType = text.xcconfig; name = "build-release.xcconfig"; path = "cordova/build-release.xcconfig"; sourceTree = SOURCE_ROOT; };
		3047A5111AB8059700498E2A /* build.xcconfig */ = {isa = PBXFileReference; fileEncoding = 4; lastKnownFileType = text.xcconfig; name = build.xcconfig; path = cordova/build.xcconfig; sourceTree = SOURCE_ROOT; };
		32CA4F630368D1EE00C91783 /* Offering Kiosk-Prefix.pch */ = {isa = PBXFileReference; fileEncoding = 4; lastKnownFileType = sourcecode.c.h; path = "Offering Kiosk-Prefix.pch"; sourceTree = "<group>"; };
		3563B952B38C4615954EBE15 /* AudioToolbox.framework */ = {isa = PBXFileReference; explicitFileType = undefined; fileEncoding = 9; includeInIndex = 0; lastKnownFileType = wrapper.framework; name = AudioToolbox.framework; path = System/Library/Frameworks/AudioToolbox.framework; sourceTree = SDKROOT; };
		35873EC3B54443CBB05BB81F /* CDVCamera.m */ = {isa = PBXFileReference; explicitFileType = undefined; fileEncoding = 4; includeInIndex = 0; lastKnownFileType = sourcecode.c.objc; name = CDVCamera.m; path = "cordova-plugin-camera/CDVCamera.m"; sourceTree = "<group>"; };
		365461F41F284704BA3780AE /* CDVStatusBar.h */ = {isa = PBXFileReference; explicitFileType = undefined; fileEncoding = 4; includeInIndex = 0; lastKnownFileType = sourcecode.c.h; name = CDVStatusBar.h; path = "cordova-plugin-statusbar/CDVStatusBar.h"; sourceTree = "<group>"; };
		3985ED9DE4674F1887F83AE2 /* uniMag.h */ = {isa = PBXFileReference; explicitFileType = undefined; fileEncoding = 4; includeInIndex = 0; lastKnownFileType = sourcecode.c.h; name = uniMag.h; path = "com.wodify.cordova.plugin.unimag-swiper/uniMag.h"; sourceTree = "<group>"; };
		3E73DFA2BE1F4CA5BF6F3DA9 /* CDVContact.h */ = {isa = PBXFileReference; explicitFileType = undefined; fileEncoding = 4; includeInIndex = 0; lastKnownFileType = sourcecode.c.h; name = CDVContact.h; path = "cordova-plugin-contacts/CDVContact.h"; sourceTree = "<group>"; };
		3FF21C6BF77940B2B45B9A69 /* CDVAccelerometer.m */ = {isa = PBXFileReference; explicitFileType = undefined; fileEncoding = 4; includeInIndex = 0; lastKnownFileType = sourcecode.c.objc; name = CDVAccelerometer.m; path = "cordova-plugin-device-motion/CDVAccelerometer.m"; sourceTree = "<group>"; };
		41CB78C14C8A493888EA156A /* CDVFile.h */ = {isa = PBXFileReference; explicitFileType = undefined; fileEncoding = 4; includeInIndex = 0; lastKnownFileType = sourcecode.c.h; name = CDVFile.h; path = "cordova-plugin-file/CDVFile.h"; sourceTree = "<group>"; };
		41ED05D90A594584811BE76F /* CDVContact.m */ = {isa = PBXFileReference; explicitFileType = undefined; fileEncoding = 4; includeInIndex = 0; lastKnownFileType = sourcecode.c.objc; name = CDVContact.m; path = "cordova-plugin-contacts/CDVContact.m"; sourceTree = "<group>"; };
		45A68D35E8C14F978C553AE8 /* CDVViewController+SplashScreen.m */ = {isa = PBXFileReference; explicitFileType = undefined; fileEncoding = 4; includeInIndex = 0; lastKnownFileType = sourcecode.c.objc; name = "CDVViewController+SplashScreen.m"; path = "cordova-plugin-splashscreen/CDVViewController+SplashScreen.m"; sourceTree = "<group>"; };
		45DD0B5363D04ECCA91500DB /* CoreTelephony.framework */ = {isa = PBXFileReference; explicitFileType = undefined; fileEncoding = 9; includeInIndex = 0; lastKnownFileType = wrapper.framework; name = CoreTelephony.framework; path = System/Library/Frameworks/CoreTelephony.framework; sourceTree = SDKROOT; };
		498D58D59A4442B698DF9786 /* ImageIO.framework */ = {isa = PBXFileReference; explicitFileType = undefined; fileEncoding = 9; includeInIndex = 0; lastKnownFileType = wrapper.framework; name = ImageIO.framework; path = System/Library/Frameworks/ImageIO.framework; sourceTree = SDKROOT; };
		4A23C84DAE1D4EF093E8CCDD /* CDVSplashScreen.h */ = {isa = PBXFileReference; explicitFileType = undefined; fileEncoding = 4; includeInIndex = 0; lastKnownFileType = sourcecode.c.h; name = CDVSplashScreen.h; path = "cordova-plugin-splashscreen/CDVSplashScreen.h"; sourceTree = "<group>"; };
		4E664963DCC34940A5D6D067 /* SystemConfiguration.framework */ = {isa = PBXFileReference; explicitFileType = undefined; fileEncoding = 9; includeInIndex = 0; lastKnownFileType = wrapper.framework; name = SystemConfiguration.framework; path = System/Library/Frameworks/SystemConfiguration.framework; sourceTree = SDKROOT; };
		4F41BEF79B814D4CBF7220F8 /* CDVLocalFilesystem.h */ = {isa = PBXFileReference; explicitFileType = undefined; fileEncoding = 4; includeInIndex = 0; lastKnownFileType = sourcecode.c.h; name = CDVLocalFilesystem.h; path = "cordova-plugin-file/CDVLocalFilesystem.h"; sourceTree = "<group>"; };
		50BBCB51CE424209A144B092 /* CDVSound.h */ = {isa = PBXFileReference; explicitFileType = undefined; fileEncoding = 4; includeInIndex = 0; lastKnownFileType = sourcecode.c.h; name = CDVSound.h; path = "cordova-plugin-media/CDVSound.h"; sourceTree = "<group>"; };
		5133FED4AC6646E091C0A101 /* CDVJpegHeaderWriter.m */ = {isa = PBXFileReference; explicitFileType = undefined; fileEncoding = 4; includeInIndex = 0; lastKnownFileType = sourcecode.c.objc; name = CDVJpegHeaderWriter.m; path = "cordova-plugin-camera/CDVJpegHeaderWriter.m"; sourceTree = "<group>"; };
		548515F737B04C3CA72F52E7 /* CDVReachability.m */ = {isa = PBXFileReference; explicitFileType = undefined; fileEncoding = 4; includeInIndex = 0; lastKnownFileType = sourcecode.c.objc; name = CDVReachability.m; path = "cordova-plugin-network-information/CDVReachability.m"; sourceTree = "<group>"; };
		5A7FDF2C11284156BAC349E8 /* CDVContacts.h */ = {isa = PBXFileReference; explicitFileType = undefined; fileEncoding = 4; includeInIndex = 0; lastKnownFileType = sourcecode.c.h; name = CDVContacts.h; path = "cordova-plugin-contacts/CDVContacts.h"; sourceTree = "<group>"; };
		5E24A4EA82B14AB1AA248CF5 /* CDVFile.m */ = {isa = PBXFileReference; explicitFileType = undefined; fileEncoding = 4; includeInIndex = 0; lastKnownFileType = sourcecode.c.objc; name = CDVFile.m; path = "cordova-plugin-file/CDVFile.m"; sourceTree = "<group>"; };
		6982591F17AF49F39518A8FD /* CDVFileTransfer.m */ = {isa = PBXFileReference; explicitFileType = undefined; fileEncoding = 4; includeInIndex = 0; lastKnownFileType = sourcecode.c.objc; name = CDVFileTransfer.m; path = "cordova-plugin-file-transfer/CDVFileTransfer.m"; sourceTree = "<group>"; };
		6AFF5BF81D6E424B00AB3073 /* CDVLaunchScreen.storyboard */ = {isa = PBXFileReference; fileEncoding = 4; lastKnownFileType = file.storyboard; name = CDVLaunchScreen.storyboard; path = "Offering Kiosk/CDVLaunchScreen.storyboard"; sourceTree = SOURCE_ROOT; };
		6CB41B0A193D4544AB33B7E9 /* libz.tbd */ = {isa = PBXFileReference; explicitFileType = undefined; fileEncoding = 9; includeInIndex = 0; lastKnownFileType = "sourcecode.text-based-dylib-definition"; name = libz.tbd; path = usr/lib/libz.tbd; sourceTree = SDKROOT; };
		74A781735BC24031B1B1FA87 /* CDVContacts.m */ = {isa = PBXFileReference; explicitFileType = undefined; fileEncoding = 4; includeInIndex = 0; lastKnownFileType = sourcecode.c.objc; name = CDVContacts.m; path = "cordova-plugin-contacts/CDVContacts.m"; sourceTree = "<group>"; };
		7691346CF9164B819DA16174 /* CDVNotification.h */ = {isa = PBXFileReference; explicitFileType = undefined; fileEncoding = 4; includeInIndex = 0; lastKnownFileType = sourcecode.c.h; name = CDVNotification.h; path = "cordova-plugin-dialogs/CDVNotification.h"; sourceTree = "<group>"; };
		795A45EEB6684C26948DB1FE /* AddressBook.framework */ = {isa = PBXFileReference; explicitFileType = undefined; fileEncoding = 9; includeInIndex = 0; lastKnownFileType = wrapper.framework; name = AddressBook.framework; path = System/Library/Frameworks/AddressBook.framework; sourceTree = SDKROOT; };
		7F8FE2DE5D72445984FCB434 /* CDVLogger.h */ = {isa = PBXFileReference; explicitFileType = undefined; fileEncoding = 4; includeInIndex = 0; lastKnownFileType = sourcecode.c.h; name = CDVLogger.h; path = "cordova-plugin-console/CDVLogger.h"; sourceTree = "<group>"; };
		82F9057C6FA94245BEC2E585 /* CDVCompass.m */ = {isa = PBXFileReference; explicitFileType = undefined; fileEncoding = 4; includeInIndex = 0; lastKnownFileType = sourcecode.c.objc; name = CDVCompass.m; path = "cordova-plugin-device-orientation/CDVCompass.m"; sourceTree = "<group>"; };
		89C706E1CFC946EE8BDDC586 /* CoreMotion.framework */ = {isa = PBXFileReference; explicitFileType = undefined; fileEncoding = 9; includeInIndex = 0; lastKnownFileType = wrapper.framework; name = CoreMotion.framework; path = System/Library/Frameworks/CoreMotion.framework; sourceTree = SDKROOT; };
		8AD132610CF74EE48DD9E42E /* CoreLocation.framework */ = {isa = PBXFileReference; explicitFileType = undefined; fileEncoding = 9; includeInIndex = 0; lastKnownFileType = wrapper.framework; name = CoreLocation.framework; path = System/Library/Frameworks/CoreLocation.framework; sourceTree = SDKROOT; };
		8AF3E249169E4944A00BB221 /* CDVAccelerometer.h */ = {isa = PBXFileReference; explicitFileType = undefined; fileEncoding = 4; includeInIndex = 0; lastKnownFileType = sourcecode.c.h; name = CDVAccelerometer.h; path = "cordova-plugin-device-motion/CDVAccelerometer.h"; sourceTree = "<group>"; };
		8D1107310486CEB800E47090 /* Offering Kiosk-Info.plist */ = {isa = PBXFileReference; fileEncoding = 4; lastKnownFileType = text.plist.xml; name = "Offering Kiosk-Info.plist"; path = "Offering Kiosk/Offering Kiosk-Info.plist"; plistStructureDefinitionIdentifier = "com.apple.xcode.plist.structure-definition.iphone.info-plist"; sourceTree = SOURCE_ROOT; };
		9795A2023B624D7FAB887EB3 /* CDVStatusBar.m */ = {isa = PBXFileReference; explicitFileType = undefined; fileEncoding = 4; includeInIndex = 0; lastKnownFileType = sourcecode.c.objc; name = CDVStatusBar.m; path = "cordova-plugin-statusbar/CDVStatusBar.m"; sourceTree = "<group>"; };
		A3E1B0BA53A34B84B8C59821 /* MediaPlayer.framework */ = {isa = PBXFileReference; explicitFileType = undefined; fileEncoding = 9; includeInIndex = 0; lastKnownFileType = wrapper.framework; name = MediaPlayer.framework; path = System/Library/Frameworks/MediaPlayer.framework; sourceTree = SDKROOT; };
		A60EE62CFAB54E75914CB199 /* CDVConnection.h */ = {isa = PBXFileReference; explicitFileType = undefined; fileEncoding = 4; includeInIndex = 0; lastKnownFileType = sourcecode.c.h; name = CDVConnection.h; path = "cordova-plugin-network-information/CDVConnection.h"; sourceTree = "<group>"; };
		AB5DDC077BE240398B19419D /* CDVLogger.m */ = {isa = PBXFileReference; explicitFileType = undefined; fileEncoding = 4; includeInIndex = 0; lastKnownFileType = sourcecode.c.objc; name = CDVLogger.m; path = "cordova-plugin-console/CDVLogger.m"; sourceTree = "<group>"; };
		AE0B9900C6AD4B30B497072E /* CDVLocation.m */ = {isa = PBXFileReference; explicitFileType = undefined; fileEncoding = 4; includeInIndex = 0; lastKnownFileType = sourcecode.c.objc; name = CDVLocation.m; path = "cordova-plugin-geolocation/CDVLocation.m"; sourceTree = "<group>"; };
		B20CE3E989B146B9AA9D8DAC /* CDVExif.h */ = {isa = PBXFileReference; explicitFileType = undefined; fileEncoding = 4; includeInIndex = 0; lastKnownFileType = sourcecode.c.h; name = CDVExif.h; path = "cordova-plugin-camera/CDVExif.h"; sourceTree = "<group>"; };
		B6CDCA0EAC5A44138F7A3759 /* CDVSound.m */ = {isa = PBXFileReference; explicitFileType = undefined; fileEncoding = 4; includeInIndex = 0; lastKnownFileType = sourcecode.c.objc; name = CDVSound.m; path = "cordova-plugin-media/CDVSound.m"; sourceTree = "<group>"; };
		B9F6738241484434996E6ABA /* CDVGlobalization.m */ = {isa = PBXFileReference; explicitFileType = undefined; fileEncoding = 4; includeInIndex = 0; lastKnownFileType = sourcecode.c.objc; name = CDVGlobalization.m; path = "cordova-plugin-globalization/CDVGlobalization.m"; sourceTree = "<group>"; };
		BA61F0F796EA46E3AF4B62C2 /* CDVInAppBrowser.h */ = {isa = PBXFileReference; explicitFileType = undefined; fileEncoding = 4; includeInIndex = 0; lastKnownFileType = sourcecode.c.h; name = CDVInAppBrowser.h; path = "cordova-plugin-inappbrowser/CDVInAppBrowser.h"; sourceTree = "<group>"; };
		BC7B0D261504421F974CB05A /* CDVLocation.h */ = {isa = PBXFileReference; explicitFileType = undefined; fileEncoding = 4; includeInIndex = 0; lastKnownFileType = sourcecode.c.h; name = CDVLocation.h; path = "cordova-plugin-geolocation/CDVLocation.h"; sourceTree = "<group>"; };
		C07D4003E59D4BEDB56E23E0 /* UIImage+CropScaleOrientation.m */ = {isa = PBXFileReference; explicitFileType = undefined; fileEncoding = 4; includeInIndex = 0; lastKnownFileType = sourcecode.c.objc; name = "UIImage+CropScaleOrientation.m"; path = "cordova-plugin-camera/UIImage+CropScaleOrientation.m"; sourceTree = "<group>"; };
		CACC7775952940409FE5C3B2 /* CDVSplashScreen.m */ = {isa = PBXFileReference; explicitFileType = undefined; fileEncoding = 4; includeInIndex = 0; lastKnownFileType = sourcecode.c.objc; name = CDVSplashScreen.m; path = "cordova-plugin-splashscreen/CDVSplashScreen.m"; sourceTree = "<group>"; };
		CAD606EE2D9C4F958DD6A0EE /* CDVAssetLibraryFilesystem.m */ = {isa = PBXFileReference; explicitFileType = undefined; fileEncoding = 4; includeInIndex = 0; lastKnownFileType = sourcecode.c.objc; name = CDVAssetLibraryFilesystem.m; path = "cordova-plugin-file/CDVAssetLibraryFilesystem.m"; sourceTree = "<group>"; };
		CB3DD7DAC0634B7B8D2B8049 /* IDTECH_UniMag.a */ = {isa = PBXFileReference; explicitFileType = undefined; fileEncoding = 9; includeInIndex = 0; lastKnownFileType = archive.ar; name = IDTECH_UniMag.a; path = "Offering Kiosk/Plugins/com.wodify.cordova.plugin.unimag-swiper/IDTECH_UniMag.a"; sourceTree = "<group>"; };
		CB4A909D5AF84EF5A00D5BFF /* CDVJpegHeaderWriter.h */ = {isa = PBXFileReference; explicitFileType = undefined; fileEncoding = 4; includeInIndex = 0; lastKnownFileType = sourcecode.c.h; name = CDVJpegHeaderWriter.h; path = "cordova-plugin-camera/CDVJpegHeaderWriter.h"; sourceTree = "<group>"; };
		CBAFE8400B634472BD8FC10C /* CDVNotification.bundle */ = {isa = PBXFileReference; explicitFileType = undefined; fileEncoding = 9; includeInIndex = 0; lastKnownFileType = "wrapper.plug-in"; path = CDVNotification.bundle; sourceTree = "<group>"; };
		CD8FA78CFBAB485FA88C9BB6 /* CDVInAppBrowser.m */ = {isa = PBXFileReference; explicitFileType = undefined; fileEncoding = 4; includeInIndex = 0; lastKnownFileType = sourcecode.c.objc; name = CDVInAppBrowser.m; path = "cordova-plugin-inappbrowser/CDVInAppBrowser.m"; sourceTree = "<group>"; };
		D54762FBD9A14426BE603270 /* CDVCapture.h */ = {isa = PBXFileReference; explicitFileType = undefined; fileEncoding = 4; includeInIndex = 0; lastKnownFileType = sourcecode.c.h; name = CDVCapture.h; path = "cordova-plugin-media-capture/CDVCapture.h"; sourceTree = "<group>"; };
		D7BBD3E17261465A90AFCD90 /* CDVDevice.h */ = {isa = PBXFileReference; explicitFileType = undefined; fileEncoding = 4; includeInIndex = 0; lastKnownFileType = sourcecode.c.h; name = CDVDevice.h; path = "cordova-plugin-device/CDVDevice.h"; sourceTree = "<group>"; };
		DB603A7D6D87425EAABC8DA0 /* CDVLocalFilesystem.m */ = {isa = PBXFileReference; explicitFileType = undefined; fileEncoding = 4; includeInIndex = 0; lastKnownFileType = sourcecode.c.objc; name = CDVLocalFilesystem.m; path = "cordova-plugin-file/CDVLocalFilesystem.m"; sourceTree = "<group>"; };
		E2581087EE6044F08183ADDF /* CDVVibration.m */ = {isa = PBXFileReference; explicitFileType = undefined; fileEncoding = 4; includeInIndex = 0; lastKnownFileType = sourcecode.c.objc; name = CDVVibration.m; path = "cordova-plugin-vibration/CDVVibration.m"; sourceTree = "<group>"; };
		E5D8B6780D354C0DBD56BEAA /* CDVConnection.m */ = {isa = PBXFileReference; explicitFileType = undefined; fileEncoding = 4; includeInIndex = 0; lastKnownFileType = sourcecode.c.objc; name = CDVConnection.m; path = "cordova-plugin-network-information/CDVConnection.m"; sourceTree = "<group>"; };
		E6B03FC8952049CAA8466354 /* CDVReachability.h */ = {isa = PBXFileReference; explicitFileType = undefined; fileEncoding = 4; includeInIndex = 0; lastKnownFileType = sourcecode.c.h; name = CDVReachability.h; path = "cordova-plugin-network-information/CDVReachability.h"; sourceTree = "<group>"; };
		EA7BBACA6F9A4DF4B953F1F6 /* CDVBattery.m */ = {isa = PBXFileReference; explicitFileType = undefined; fileEncoding = 4; includeInIndex = 0; lastKnownFileType = sourcecode.c.objc; name = CDVBattery.m; path = "cordova-plugin-battery-status/CDVBattery.m"; sourceTree = "<group>"; };
		EB87FDF31871DA8E0020F90C /* www */ = {isa = PBXFileReference; lastKnownFileType = folder; name = www; path = ../../www; sourceTree = "<group>"; };
		EB87FDF41871DAF40020F90C /* config.xml */ = {isa = PBXFileReference; lastKnownFileType = text.xml; name = config.xml; path = ../../config.xml; sourceTree = "<group>"; };
		ED33DF2A687741AEAF9F8254 /* Bridging-Header.h */ = {isa = PBXFileReference; fileEncoding = 4; lastKnownFileType = sourcecode.c.h; path = "Bridging-Header.h"; sourceTree = "<group>"; };
		EE4FDEFF224C428DB16FDBB9 /* CDVVibration.h */ = {isa = PBXFileReference; explicitFileType = undefined; fileEncoding = 4; includeInIndex = 0; lastKnownFileType = sourcecode.c.h; name = CDVVibration.h; path = "cordova-plugin-vibration/CDVVibration.h"; sourceTree = "<group>"; };
		F06F6EE0A120446AB765226B /* CDVCapture.m */ = {isa = PBXFileReference; explicitFileType = undefined; fileEncoding = 4; includeInIndex = 0; lastKnownFileType = sourcecode.c.objc; name = CDVCapture.m; path = "cordova-plugin-media-capture/CDVCapture.m"; sourceTree = "<group>"; };
		F0DD71CEC30043A783B326E4 /* CDVDevice.m */ = {isa = PBXFileReference; explicitFileType = undefined; fileEncoding = 4; includeInIndex = 0; lastKnownFileType = sourcecode.c.objc; name = CDVDevice.m; path = "cordova-plugin-device/CDVDevice.m"; sourceTree = "<group>"; };
		F7AF85F76B4D4FE6B12A05AB /* CDVGlobalization.h */ = {isa = PBXFileReference; explicitFileType = undefined; fileEncoding = 4; includeInIndex = 0; lastKnownFileType = sourcecode.c.h; name = CDVGlobalization.h; path = "cordova-plugin-globalization/CDVGlobalization.h"; sourceTree = "<group>"; };
		F840E1F0165FE0F500CFE078 /* config.xml */ = {isa = PBXFileReference; lastKnownFileType = text.xml; name = config.xml; path = "Offering Kiosk/config.xml"; sourceTree = "<group>"; };
		F9F2806EB24743DCA40B0D37 /* CDVViewController+SplashScreen.h */ = {isa = PBXFileReference; explicitFileType = undefined; fileEncoding = 4; includeInIndex = 0; lastKnownFileType = sourcecode.c.h; name = "CDVViewController+SplashScreen.h"; path = "cordova-plugin-splashscreen/CDVViewController+SplashScreen.h"; sourceTree = "<group>"; };
		FDF7F1A016D048F981F83CF1 /* CDVNotification.m */ = {isa = PBXFileReference; explicitFileType = undefined; fileEncoding = 4; includeInIndex = 0; lastKnownFileType = sourcecode.c.objc; name = CDVNotification.m; path = "cordova-plugin-dialogs/CDVNotification.m"; sourceTree = "<group>"; };
/* End PBXFileReference section */

/* Begin PBXFrameworksBuildPhase section */
		1D60588F0D05DD3D006BFB54 /* Frameworks */ = {
			isa = PBXFrameworksBuildPhase;
			buildActionMask = 2147483647;
			files = (
				301BF552109A68D80062928A /* libCordova.a in Frameworks */,
				76E47A144B5C42E5B49E1477 /* libz.tbd in Frameworks */,
				5ABC08A74CD94DC5B8A97F0F /* IDTECH_UniMag.a in Frameworks */,
				22A0CDD0407F42DE8D506F5B /* AVFoundation.framework in Frameworks */,
				BF34B04323DA452698F89C38 /* AudioToolbox.framework in Frameworks */,
				888B7CCFBA6E4968A9F3D8DC /* MediaPlayer.framework in Frameworks */,
				DAA2BE057FCC45B2B7A47AC2 /* ImageIO.framework in Frameworks */,
				05F34D01CB124C6EBD765A3B /* CoreLocation.framework in Frameworks */,
				B6E5E9B5D642452E84F12D53 /* AddressBook.framework in Frameworks */,
				54F6D5B45A7245A09B892EB2 /* AddressBookUI.framework in Frameworks */,
				1EF4B51D6F1C4710B35955BA /* CoreMotion.framework in Frameworks */,
				C1481488859D4A9086E398B6 /* SystemConfiguration.framework in Frameworks */,
				7E0BF88E8CE14CA285A1941A /* CoreTelephony.framework in Frameworks */,
			);
			runOnlyForDeploymentPostprocessing = 0;
		};
/* End PBXFrameworksBuildPhase section */

/* Begin PBXGroup section */
		080E96DDFE201D6D7F000001 /* Classes */ = {
			isa = PBXGroup;
			children = (
				302D95EE14D2391D003F00A1 /* MainViewController.h */,
				302D95EF14D2391D003F00A1 /* MainViewController.m */,
				302D95F014D2391D003F00A1 /* MainViewController.xib */,
				1D3623240D0F684500981E51 /* AppDelegate.h */,
				1D3623250D0F684500981E51 /* AppDelegate.m */,
			);
			name = Classes;
			path = "Offering Kiosk/Classes";
			sourceTree = SOURCE_ROOT;
		};
		19C28FACFE9D520D11CA2CBB /* Products */ = {
			isa = PBXGroup;
			children = (
				1D6058910D05DD3D006BFB54 /* Offering Kiosk.app */,
			);
			name = Products;
			sourceTree = "<group>";
		};
		29B97314FDCFA39411CA2CEA /* CustomTemplate */ = {
			isa = PBXGroup;
			children = (
				EB87FDF41871DAF40020F90C /* config.xml */,
				EB87FDF31871DA8E0020F90C /* www */,
				EB87FDF11871DA420020F90C /* Staging */,
				301BF52D109A57CC0062928A /* CordovaLib.xcodeproj */,
				080E96DDFE201D6D7F000001 /* Classes */,
				307C750510C5A3420062BCA9 /* Plugins */,
				29B97315FDCFA39411CA2CEA /* Other Sources */,
				29B97317FDCFA39411CA2CEA /* Resources */,
				29B97323FDCFA39411CA2CEA /* Frameworks */,
				19C28FACFE9D520D11CA2CBB /* Products */,
			);
			name = CustomTemplate;
			sourceTree = "<group>";
		};
		29B97315FDCFA39411CA2CEA /* Other Sources */ = {
			isa = PBXGroup;
			children = (
				32CA4F630368D1EE00C91783 /* Offering Kiosk-Prefix.pch */,
				29B97316FDCFA39411CA2CEA /* main.m */,
				ED33DF2A687741AEAF9F8254 /* Bridging-Header.h */,
			);
			name = "Other Sources";
			path = "Offering Kiosk";
			sourceTree = "<group>";
		};
		29B97317FDCFA39411CA2CEA /* Resources */ = {
			isa = PBXGroup;
			children = (
				0207DA571B56EA530066E2B4 /* Images.xcassets */,
				3047A50E1AB8057F00498E2A /* config */,
				8D1107310486CEB800E47090 /* Offering Kiosk-Info.plist */,
				6AFF5BF81D6E424B00AB3073 /* CDVLaunchScreen.storyboard */,
				CBAFE8400B634472BD8FC10C /* CDVNotification.bundle */,
				0D74EBEC3F08464287D38926 /* CDVCapture.bundle */,
			);
			name = Resources;
			path = "Offering Kiosk/Resources";
			sourceTree = "<group>";
		};
		29B97323FDCFA39411CA2CEA /* Frameworks */ = {
			isa = PBXGroup;
			children = (
				6CB41B0A193D4544AB33B7E9 /* libz.tbd */,
				CB3DD7DAC0634B7B8D2B8049 /* IDTECH_UniMag.a */,
				25361F4210B147AE98474D6E /* AVFoundation.framework */,
				3563B952B38C4615954EBE15 /* AudioToolbox.framework */,
				A3E1B0BA53A34B84B8C59821 /* MediaPlayer.framework */,
				498D58D59A4442B698DF9786 /* ImageIO.framework */,
				8AD132610CF74EE48DD9E42E /* CoreLocation.framework */,
				795A45EEB6684C26948DB1FE /* AddressBook.framework */,
				07D22282C85341EF96097A4B /* AddressBookUI.framework */,
				89C706E1CFC946EE8BDDC586 /* CoreMotion.framework */,
				4E664963DCC34940A5D6D067 /* SystemConfiguration.framework */,
				45DD0B5363D04ECCA91500DB /* CoreTelephony.framework */,
			);
			name = Frameworks;
			sourceTree = "<group>";
		};
		301BF52E109A57CC0062928A /* Products */ = {
			isa = PBXGroup;
			children = (
				301BF535109A57CC0062928A /* libCordova.a */,
			);
			name = Products;
			sourceTree = "<group>";
		};
		3047A50E1AB8057F00498E2A /* config */ = {
			isa = PBXGroup;
			children = (
				3047A50F1AB8059700498E2A /* build-debug.xcconfig */,
				3047A5101AB8059700498E2A /* build-release.xcconfig */,
				3047A5111AB8059700498E2A /* build.xcconfig */,
			);
			name = config;
			sourceTree = "<group>";
		};
		307C750510C5A3420062BCA9 /* Plugins */ = {
			isa = PBXGroup;
			children = (
				F0DD71CEC30043A783B326E4 /* CDVDevice.m */,
				D7BBD3E17261465A90AFCD90 /* CDVDevice.h */,
				14341ED29F01486683CE90B6 /* UnimagSwiper.m */,
				3985ED9DE4674F1887F83AE2 /* uniMag.h */,
				1558AFB2033B4A15A4A3956A /* UnimagSwiper.h */,
				EA7BBACA6F9A4DF4B953F1F6 /* CDVBattery.m */,
				27D76458C0604264A64C47B6 /* CDVBattery.h */,
				C07D4003E59D4BEDB56E23E0 /* UIImage+CropScaleOrientation.m */,
				35873EC3B54443CBB05BB81F /* CDVCamera.m */,
				5133FED4AC6646E091C0A101 /* CDVJpegHeaderWriter.m */,
				2D4E7A3FF43F4E6397D95BB2 /* UIImage+CropScaleOrientation.h */,
				173AAF1184A7467886253426 /* CDVCamera.h */,
				CB4A909D5AF84EF5A00D5BFF /* CDVJpegHeaderWriter.h */,
				B20CE3E989B146B9AA9D8DAC /* CDVExif.h */,
				AB5DDC077BE240398B19419D /* CDVLogger.m */,
				7F8FE2DE5D72445984FCB434 /* CDVLogger.h */,
				74A781735BC24031B1B1FA87 /* CDVContacts.m */,
				41ED05D90A594584811BE76F /* CDVContact.m */,
				5A7FDF2C11284156BAC349E8 /* CDVContacts.h */,
				3E73DFA2BE1F4CA5BF6F3DA9 /* CDVContact.h */,
				3FF21C6BF77940B2B45B9A69 /* CDVAccelerometer.m */,
				8AF3E249169E4944A00BB221 /* CDVAccelerometer.h */,
				82F9057C6FA94245BEC2E585 /* CDVCompass.m */,
				0084974C1E9A43D3B33C40B4 /* CDVCompass.h */,
				FDF7F1A016D048F981F83CF1 /* CDVNotification.m */,
				7691346CF9164B819DA16174 /* CDVNotification.h */,
				5E24A4EA82B14AB1AA248CF5 /* CDVFile.m */,
				DB603A7D6D87425EAABC8DA0 /* CDVLocalFilesystem.m */,
				CAD606EE2D9C4F958DD6A0EE /* CDVAssetLibraryFilesystem.m */,
				41CB78C14C8A493888EA156A /* CDVFile.h */,
				4F41BEF79B814D4CBF7220F8 /* CDVLocalFilesystem.h */,
				236DEE27D9B445F2A6D73D4A /* CDVAssetLibraryFilesystem.h */,
				6982591F17AF49F39518A8FD /* CDVFileTransfer.m */,
				258D996E871E42AE9F09C905 /* CDVFileTransfer.h */,
				AE0B9900C6AD4B30B497072E /* CDVLocation.m */,
				BC7B0D261504421F974CB05A /* CDVLocation.h */,
				B9F6738241484434996E6ABA /* CDVGlobalization.m */,
				F7AF85F76B4D4FE6B12A05AB /* CDVGlobalization.h */,
				CD8FA78CFBAB485FA88C9BB6 /* CDVInAppBrowser.m */,
				BA61F0F796EA46E3AF4B62C2 /* CDVInAppBrowser.h */,
				B6CDCA0EAC5A44138F7A3759 /* CDVSound.m */,
				50BBCB51CE424209A144B092 /* CDVSound.h */,
				F06F6EE0A120446AB765226B /* CDVCapture.m */,
				D54762FBD9A14426BE603270 /* CDVCapture.h */,
				E5D8B6780D354C0DBD56BEAA /* CDVConnection.m */,
				548515F737B04C3CA72F52E7 /* CDVReachability.m */,
				A60EE62CFAB54E75914CB199 /* CDVConnection.h */,
				E6B03FC8952049CAA8466354 /* CDVReachability.h */,
				CACC7775952940409FE5C3B2 /* CDVSplashScreen.m */,
				45A68D35E8C14F978C553AE8 /* CDVViewController+SplashScreen.m */,
				4A23C84DAE1D4EF093E8CCDD /* CDVSplashScreen.h */,
				F9F2806EB24743DCA40B0D37 /* CDVViewController+SplashScreen.h */,
				9795A2023B624D7FAB887EB3 /* CDVStatusBar.m */,
				365461F41F284704BA3780AE /* CDVStatusBar.h */,
				E2581087EE6044F08183ADDF /* CDVVibration.m */,
				EE4FDEFF224C428DB16FDBB9 /* CDVVibration.h */,
			);
			name = Plugins;
			path = "Offering Kiosk/Plugins";
			sourceTree = SOURCE_ROOT;
		};
		EB87FDF11871DA420020F90C /* Staging */ = {
			isa = PBXGroup;
			children = (
				F840E1F0165FE0F500CFE078 /* config.xml */,
				301BF56E109A69640062928A /* www */,
			);
			name = Staging;
			sourceTree = "<group>";
		};
/* End PBXGroup section */

/* Begin PBXNativeTarget section */
		1D6058900D05DD3D006BFB54 /* Offering Kiosk */ = {
			isa = PBXNativeTarget;
			buildConfigurationList = 1D6058960D05DD3E006BFB54 /* Build configuration list for PBXNativeTarget "Offering Kiosk" */;
			buildPhases = (
				304B58A110DAC018002A0835 /* Copy www directory */,
				1D60588D0D05DD3D006BFB54 /* Resources */,
				1D60588E0D05DD3D006BFB54 /* Sources */,
				1D60588F0D05DD3D006BFB54 /* Frameworks */,
			);
			buildRules = (
			);
			dependencies = (
				301BF551109A68C00062928A /* PBXTargetDependency */,
			);
			name = "Offering Kiosk";
			productName = "Offering Kiosk";
			productReference = 1D6058910D05DD3D006BFB54 /* Offering Kiosk.app */;
			productType = "com.apple.product-type.application";
		};
/* End PBXNativeTarget section */

/* Begin PBXProject section */
		29B97313FDCFA39411CA2CEA /* Project object */ = {
			isa = PBXProject;
			attributes = {
				LastUpgradeCheck = 510;
				TargetAttributes = {
					1D6058900D05DD3D006BFB54 = {
						DevelopmentTeam = 2GTLP42AWQ;
					};
				};
			};
			buildConfigurationList = C01FCF4E08A954540054247B /* Build configuration list for PBXProject "Offering Kiosk" */;
			compatibilityVersion = "Xcode 3.2";
			developmentRegion = English;
			hasScannedForEncodings = 1;
			knownRegions = (
				en,
			);
			mainGroup = 29B97314FDCFA39411CA2CEA /* CustomTemplate */;
			projectDirPath = "";
			projectReferences = (
				{
					ProductGroup = 301BF52E109A57CC0062928A /* Products */;
					ProjectRef = 301BF52D109A57CC0062928A /* CordovaLib.xcodeproj */;
				},
			);
			projectRoot = "";
			targets = (
				1D6058900D05DD3D006BFB54 /* Offering Kiosk */,
			);
		};
/* End PBXProject section */

/* Begin PBXReferenceProxy section */
		301BF535109A57CC0062928A /* libCordova.a */ = {
			isa = PBXReferenceProxy;
			fileType = archive.ar;
			path = libCordova.a;
			remoteRef = 301BF534109A57CC0062928A /* PBXContainerItemProxy */;
			sourceTree = BUILT_PRODUCTS_DIR;
		};
/* End PBXReferenceProxy section */

/* Begin PBXResourcesBuildPhase section */
		1D60588D0D05DD3D006BFB54 /* Resources */ = {
			isa = PBXResourcesBuildPhase;
			buildActionMask = 2147483647;
			files = (
				302D95F214D2391D003F00A1 /* MainViewController.xib in Resources */,
				0207DA581B56EA530066E2B4 /* Images.xcassets in Resources */,
				6AFF5BF91D6E424B00AB3073 /* CDVLaunchScreen.storyboard in Resources */,
				E205801105F5433B9DB5D1DD /* CDVNotification.bundle in Resources */,
				41DAD91691724FD68E9D1F91 /* CDVCapture.bundle in Resources */,
			);
			runOnlyForDeploymentPostprocessing = 0;
		};
/* End PBXResourcesBuildPhase section */

/* Begin PBXShellScriptBuildPhase section */
		304B58A110DAC018002A0835 /* Copy www directory */ = {
			isa = PBXShellScriptBuildPhase;
			buildActionMask = 2147483647;
			files = (
			);
			inputPaths = (
			);
			name = "Copy www directory";
			outputPaths = (
			);
			runOnlyForDeploymentPostprocessing = 0;
			shellPath = /bin/sh;
			shellScript = "NODEJS_PATH=/usr/local/bin; NVM_NODE_PATH=~/.nvm/versions/node/`nvm version 2>/dev/null`/bin; N_NODE_PATH=`find /usr/local/n/versions/node/* -maxdepth 0 -type d 2>/dev/null | tail -1`/bin; XCODE_NODE_PATH=`xcode-select --print-path`/usr/share/xcs/Node/bin; PATH=$NODEJS_PATH:$NVM_NODE_PATH:$N_NODE_PATH:$XCODE_NODE_PATH:$PATH && node cordova/lib/copy-www-build-step.js";
			showEnvVarsInLog = 0;
		};
/* End PBXShellScriptBuildPhase section */

/* Begin PBXSourcesBuildPhase section */
		1D60588E0D05DD3D006BFB54 /* Sources */ = {
			isa = PBXSourcesBuildPhase;
			buildActionMask = 2147483647;
			files = (
				1D60589B0D05DD56006BFB54 /* main.m in Sources */,
				1D3623260D0F684500981E51 /* AppDelegate.m in Sources */,
				302D95F114D2391D003F00A1 /* MainViewController.m in Sources */,
				EA4B4166D3E542F6B016E382 /* CDVDevice.m in Sources */,
				AA0B9773A6E1401A80A8B2BD /* UnimagSwiper.m in Sources */,
				8614C3D1126648ACB2E30274 /* CDVBattery.m in Sources */,
				ED441B3C4DC34F4287419E6F /* UIImage+CropScaleOrientation.m in Sources */,
				6762246443004F5FAF5F7BA0 /* CDVCamera.m in Sources */,
				8173C8BA2BEC45B5BA495397 /* CDVJpegHeaderWriter.m in Sources */,
				9F6455878C9942B4A2DB0D7F /* CDVLogger.m in Sources */,
				9CFAF20CD54246CFA685BBEC /* CDVContacts.m in Sources */,
				DE9D5933772A467887B72C68 /* CDVContact.m in Sources */,
				377244EE34504B889ADDA0F9 /* CDVAccelerometer.m in Sources */,
				8873CB746815444FB129E9C9 /* CDVCompass.m in Sources */,
				99794F2D57464BAFB7F1DC46 /* CDVNotification.m in Sources */,
				E9820B2E64E240E289B7CFFB /* CDVFile.m in Sources */,
				4D9A5FCEC06C4FD2BB14A00C /* CDVLocalFilesystem.m in Sources */,
				4BA1EAB81D3649B0B3C38628 /* CDVAssetLibraryFilesystem.m in Sources */,
				360EEF2F83064F46BA214324 /* CDVFileTransfer.m in Sources */,
				979803BFE19E41E886311E10 /* CDVLocation.m in Sources */,
				BE6F26555C094523B4E5F9FB /* CDVGlobalization.m in Sources */,
				B815BFAF2B4B454483ED38C4 /* CDVInAppBrowser.m in Sources */,
				A16A33E4D1E44EE995C36C14 /* CDVSound.m in Sources */,
				B86F0AF28EF84AF080E89CEE /* CDVCapture.m in Sources */,
				6441A27E34434B0E88A58E4C /* CDVConnection.m in Sources */,
				D58AE04AC47042EC9B505448 /* CDVReachability.m in Sources */,
				A32B89FC809A4801997BAD4A /* CDVSplashScreen.m in Sources */,
				3800CF2605344EBB88D780BF /* CDVViewController+SplashScreen.m in Sources */,
				C41FE82094354A4690CA388B /* CDVStatusBar.m in Sources */,
				5F3B0C0BDF2145B3A47BC0A7 /* CDVVibration.m in Sources */,
			);
			runOnlyForDeploymentPostprocessing = 0;
		};
/* End PBXSourcesBuildPhase section */

/* Begin PBXTargetDependency section */
		301BF551109A68C00062928A /* PBXTargetDependency */ = {
			isa = PBXTargetDependency;
			name = CordovaLib;
			targetProxy = 301BF550109A68C00062928A /* PBXContainerItemProxy */;
		};
/* End PBXTargetDependency section */

/* Begin XCBuildConfiguration section */
		1D6058940D05DD3E006BFB54 /* Debug */ = {
			isa = XCBuildConfiguration;
			baseConfigurationReference = 3047A50F1AB8059700498E2A /* build-debug.xcconfig */;
			buildSettings = {
				ALWAYS_SEARCH_USER_PATHS = NO;
				ASSETCATALOG_COMPILER_APPICON_NAME = AppIcon;
				ASSETCATALOG_COMPILER_LAUNCHIMAGE_NAME = LaunchImage;
				CLANG_ENABLE_MODULES = YES;
				CLANG_ENABLE_OBJC_ARC = YES;
				COPY_PHASE_STRIP = NO;
				DEVELOPMENT_TEAM = 2GTLP42AWQ;
				GCC_DYNAMIC_NO_PIC = NO;
				GCC_OPTIMIZATION_LEVEL = 0;
				GCC_PRECOMPILE_PREFIX_HEADER = YES;
				GCC_PREFIX_HEADER = "Offering Kiosk/Offering Kiosk-Prefix.pch";
				GCC_THUMB_SUPPORT = NO;
				GCC_VERSION = "";
				INFOPLIST_FILE = "Offering Kiosk/Offering Kiosk-Info.plist";
				IPHONEOS_DEPLOYMENT_TARGET = 8.0;
				LD_RUNPATH_SEARCH_PATHS = "@executable_path/Frameworks";
				LIBRARY_SEARCH_PATHS = (
					"$(inherited)",
					"\"$(SRCROOT)/Offering Kiosk/Plugins/com.wodify.cordova.plugin.unimag-swiper\"",
				);
				PRODUCT_NAME = "Offering Kiosk";
				TARGETED_DEVICE_FAMILY = "1,2";
			};
			name = Debug;
		};
		1D6058950D05DD3E006BFB54 /* Release */ = {
			isa = XCBuildConfiguration;
			baseConfigurationReference = 3047A5101AB8059700498E2A /* build-release.xcconfig */;
			buildSettings = {
				ALWAYS_SEARCH_USER_PATHS = NO;
				ASSETCATALOG_COMPILER_APPICON_NAME = AppIcon;
				ASSETCATALOG_COMPILER_LAUNCHIMAGE_NAME = LaunchImage;
				CLANG_ENABLE_MODULES = YES;
				CLANG_ENABLE_OBJC_ARC = YES;
				COPY_PHASE_STRIP = YES;
				DEVELOPMENT_TEAM = 2GTLP42AWQ;
				GCC_PRECOMPILE_PREFIX_HEADER = YES;
				GCC_PREFIX_HEADER = "Offering Kiosk/Offering Kiosk-Prefix.pch";
				GCC_THUMB_SUPPORT = NO;
				GCC_VERSION = "";
				INFOPLIST_FILE = "Offering Kiosk/Offering Kiosk-Info.plist";
				IPHONEOS_DEPLOYMENT_TARGET = 8.0;
				LD_RUNPATH_SEARCH_PATHS = "@executable_path/Frameworks";
				LIBRARY_SEARCH_PATHS = (
					"$(inherited)",
					"\"$(SRCROOT)/Offering Kiosk/Plugins/com.wodify.cordova.plugin.unimag-swiper\"",
				);
				PRODUCT_NAME = "Offering Kiosk";
				TARGETED_DEVICE_FAMILY = "1,2";
			};
			name = Release;
		};
		C01FCF4F08A954540054247B /* Debug */ = {
			isa = XCBuildConfiguration;
			baseConfigurationReference = 3047A5111AB8059700498E2A /* build.xcconfig */;
			buildSettings = {
				ASSETCATALOG_COMPILER_LAUNCHIMAGE_NAME = LaunchImage;
				CLANG_ENABLE_MODULES = YES;
				CLANG_ENABLE_OBJC_ARC = YES;
				CLANG_WARN_BOOL_CONVERSION = YES;
				CLANG_WARN_CONSTANT_CONVERSION = YES;
				CLANG_WARN_EMPTY_BODY = YES;
				CLANG_WARN_ENUM_CONVERSION = YES;
				CLANG_WARN_INT_CONVERSION = YES;
				CLANG_WARN__DUPLICATE_METHOD_MATCH = YES;
				GCC_C_LANGUAGE_STANDARD = c99;
				GCC_THUMB_SUPPORT = NO;
				GCC_VERSION = "";
				GCC_WARN_ABOUT_RETURN_TYPE = YES;
				GCC_WARN_UNDECLARED_SELECTOR = YES;
				GCC_WARN_UNINITIALIZED_AUTOS = YES;
				GCC_WARN_UNUSED_FUNCTION = YES;
				GCC_WARN_UNUSED_VARIABLE = YES;
				ONLY_ACTIVE_ARCH = YES;
				SDKROOT = iphoneos;
				SKIP_INSTALL = NO;
			};
			name = Debug;
		};
		C01FCF5008A954540054247B /* Release */ = {
			isa = XCBuildConfiguration;
			baseConfigurationReference = 3047A5111AB8059700498E2A /* build.xcconfig */;
			buildSettings = {
				ASSETCATALOG_COMPILER_LAUNCHIMAGE_NAME = LaunchImage;
				CLANG_ENABLE_MODULES = YES;
				CLANG_ENABLE_OBJC_ARC = YES;
				CLANG_WARN_BOOL_CONVERSION = YES;
				CLANG_WARN_CONSTANT_CONVERSION = YES;
				CLANG_WARN_EMPTY_BODY = YES;
				CLANG_WARN_ENUM_CONVERSION = YES;
				CLANG_WARN_INT_CONVERSION = YES;
				CLANG_WARN__DUPLICATE_METHOD_MATCH = YES;
				GCC_C_LANGUAGE_STANDARD = c99;
				GCC_THUMB_SUPPORT = NO;
				GCC_VERSION = "";
				GCC_WARN_ABOUT_RETURN_TYPE = YES;
				GCC_WARN_UNDECLARED_SELECTOR = YES;
				GCC_WARN_UNINITIALIZED_AUTOS = YES;
				GCC_WARN_UNUSED_FUNCTION = YES;
				GCC_WARN_UNUSED_VARIABLE = YES;
				SDKROOT = iphoneos;
				SKIP_INSTALL = NO;
			};
			name = Release;
		};
/* End XCBuildConfiguration section */

/* Begin XCConfigurationList section */
		1D6058960D05DD3E006BFB54 /* Build configuration list for PBXNativeTarget "Offering Kiosk" */ = {
			isa = XCConfigurationList;
			buildConfigurations = (
				1D6058940D05DD3E006BFB54 /* Debug */,
				1D6058950D05DD3E006BFB54 /* Release */,
			);
			defaultConfigurationIsVisible = 0;
			defaultConfigurationName = Release;
		};
		C01FCF4E08A954540054247B /* Build configuration list for PBXProject "Offering Kiosk" */ = {
			isa = XCConfigurationList;
			buildConfigurations = (
				C01FCF4F08A954540054247B /* Debug */,
				C01FCF5008A954540054247B /* Release */,
			);
			defaultConfigurationIsVisible = 0;
			defaultConfigurationName = Release;
		};
/* End XCConfigurationList section */
	};
	rootObject = 29B97313FDCFA39411CA2CEA /* Project object */;
}
